// !$*UTF8*$!
{
	archiveVersion = 1;
	classes = {
	};
	objectVersion = 46;
	objects = {

/* Begin PBXBuildFile section */
		F00D6F9B1674AFB1001AF0B9 /* UIColor+RGB.m in Sources */ = {isa = PBXBuildFile; fileRef = F00D6F9A1674AFB1001AF0B9 /* UIColor+RGB.m */; };
		F00D6FA51674D4D3001AF0B9 /* splashscreen.png in Resources */ = {isa = PBXBuildFile; fileRef = F00D6FA31674D4D3001AF0B9 /* splashscreen.png */; };
		F00D6FA61674D4D3001AF0B9 /* splashscreen@2x.png in Resources */ = {isa = PBXBuildFile; fileRef = F00D6FA41674D4D3001AF0B9 /* splashscreen@2x.png */; };
		F00D6FA71674D4E0001AF0B9 /* Default.png in Resources */ = {isa = PBXBuildFile; fileRef = F061D990167150A0007E7422 /* Default.png */; };
		F00D6FAA1674D5D0001AF0B9 /* boardcard.png in Resources */ = {isa = PBXBuildFile; fileRef = F00D6FA81674D5CF001AF0B9 /* boardcard.png */; };
		F00D6FAB1674D5D0001AF0B9 /* boardcard@2x.png in Resources */ = {isa = PBXBuildFile; fileRef = F00D6FA91674D5CF001AF0B9 /* boardcard@2x.png */; };
		F00D6FAE1674DA78001AF0B9 /* shuffle_icon.png in Resources */ = {isa = PBXBuildFile; fileRef = F00D6FAC1674DA78001AF0B9 /* shuffle_icon.png */; };
		F00D6FAF1674DA78001AF0B9 /* shuffle_icon@2x.png in Resources */ = {isa = PBXBuildFile; fileRef = F00D6FAD1674DA78001AF0B9 /* shuffle_icon@2x.png */; };
		F00D6FB41674DCE7001AF0B9 /* shuffle_kata_icon.png in Resources */ = {isa = PBXBuildFile; fileRef = F00D6FB21674DCE7001AF0B9 /* shuffle_kata_icon.png */; };
		F00D6FB51674DCE7001AF0B9 /* shuffle_kata_icon@2x.png in Resources */ = {isa = PBXBuildFile; fileRef = F00D6FB31674DCE7001AF0B9 /* shuffle_kata_icon@2x.png */; };
		F00EEA5F1643293B006D21DA /* PSTCollectionView.m in Sources */ = {isa = PBXBuildFile; fileRef = F00EEA491643293B006D21DA /* PSTCollectionView.m */; };
		F00EEA601643293B006D21DA /* PSTCollectionViewCell.m in Sources */ = {isa = PBXBuildFile; fileRef = F00EEA4B1643293B006D21DA /* PSTCollectionViewCell.m */; };
		F00EEA611643293B006D21DA /* PSTCollectionViewController.m in Sources */ = {isa = PBXBuildFile; fileRef = F00EEA4E1643293B006D21DA /* PSTCollectionViewController.m */; };
		F00EEA621643293B006D21DA /* PSTCollectionViewData.m in Sources */ = {isa = PBXBuildFile; fileRef = F00EEA501643293B006D21DA /* PSTCollectionViewData.m */; };
		F00EEA631643293B006D21DA /* PSTCollectionViewFlowLayout.m in Sources */ = {isa = PBXBuildFile; fileRef = F00EEA521643293B006D21DA /* PSTCollectionViewFlowLayout.m */; };
		F00EEA641643293B006D21DA /* PSTCollectionViewItemKey.m in Sources */ = {isa = PBXBuildFile; fileRef = F00EEA541643293B006D21DA /* PSTCollectionViewItemKey.m */; };
		F00EEA651643293B006D21DA /* PSTCollectionViewLayout.m in Sources */ = {isa = PBXBuildFile; fileRef = F00EEA561643293B006D21DA /* PSTCollectionViewLayout.m */; };
		F00EEA661643293B006D21DA /* PSTGridLayoutInfo.m in Sources */ = {isa = PBXBuildFile; fileRef = F00EEA581643293B006D21DA /* PSTGridLayoutInfo.m */; };
		F00EEA671643293B006D21DA /* PSTGridLayoutItem.m in Sources */ = {isa = PBXBuildFile; fileRef = F00EEA5A1643293B006D21DA /* PSTGridLayoutItem.m */; };
		F00EEA681643293B006D21DA /* PSTGridLayoutRow.m in Sources */ = {isa = PBXBuildFile; fileRef = F00EEA5C1643293B006D21DA /* PSTGridLayoutRow.m */; };
		F00EEA691643293B006D21DA /* PSTGridLayoutSection.m in Sources */ = {isa = PBXBuildFile; fileRef = F00EEA5E1643293B006D21DA /* PSTGridLayoutSection.m */; };
		F02D137A1646AAE90093EAD0 /* tired-konata.jpeg in Resources */ = {isa = PBXBuildFile; fileRef = F02D13791646AAE90093EAD0 /* tired-konata.jpeg */; };
		F02D137B1646AFDC0093EAD0 /* Model.xcdatamodeld in Resources */ = {isa = PBXBuildFile; fileRef = F0CE948F163F2F95004F7E2B /* Model.xcdatamodeld */; };
		F02D137C1646AFFA0093EAD0 /* MainStoryboard_iPhone.storyboard in Resources */ = {isa = PBXBuildFile; fileRef = F060E98B163C0A4B009C01E3 /* MainStoryboard_iPhone.storyboard */; };
		F02D137D1646AFFA0093EAD0 /* MainStoryboard_iPad.storyboard in Resources */ = {isa = PBXBuildFile; fileRef = F060E98E163C0A4B009C01E3 /* MainStoryboard_iPad.storyboard */; };
		F02D13871647EA460093EAD0 /* LessonQCMKana.xib in Resources */ = {isa = PBXBuildFile; fileRef = F02D13861647EA460093EAD0 /* LessonQCMKana.xib */; };
		F03603BA167DDE0A0003E2D3 /* aide_shuffle.png in Resources */ = {isa = PBXBuildFile; fileRef = F03603B8167DDE0A0003E2D3 /* aide_shuffle.png */; };
		F03603BB167DDE0A0003E2D3 /* aide_shuffle@2x.png in Resources */ = {isa = PBXBuildFile; fileRef = F03603B9167DDE0A0003E2D3 /* aide_shuffle@2x.png */; };
		F03603BE167DE51F0003E2D3 /* aide_qcm.png in Resources */ = {isa = PBXBuildFile; fileRef = F03603BC167DE51F0003E2D3 /* aide_qcm.png */; };
		F03603BF167DE51F0003E2D3 /* aide_qcm@2x.png in Resources */ = {isa = PBXBuildFile; fileRef = F03603BD167DE51F0003E2D3 /* aide_qcm@2x.png */; };
		F03603C6167DE6640003E2D3 /* helpParameters.xib in Resources */ = {isa = PBXBuildFile; fileRef = F03603C0167DE6640003E2D3 /* helpParameters.xib */; };
		F03603C7167DE6640003E2D3 /* helpParameters~ipad.xib in Resources */ = {isa = PBXBuildFile; fileRef = F03603C1167DE6640003E2D3 /* helpParameters~ipad.xib */; };
		F03603C8167DE6640003E2D3 /* helpQCM.xib in Resources */ = {isa = PBXBuildFile; fileRef = F03603C2167DE6640003E2D3 /* helpQCM.xib */; };
		F03603C9167DE6640003E2D3 /* helpQCM~ipad.xib in Resources */ = {isa = PBXBuildFile; fileRef = F03603C3167DE6640003E2D3 /* helpQCM~ipad.xib */; };
		F03603CA167DE6640003E2D3 /* helpRandom.xib in Resources */ = {isa = PBXBuildFile; fileRef = F03603C4167DE6640003E2D3 /* helpRandom.xib */; };
		F03603CB167DE6640003E2D3 /* helpRandom~ipad.xib in Resources */ = {isa = PBXBuildFile; fileRef = F03603C5167DE6640003E2D3 /* helpRandom~ipad.xib */; };
		F03603CE167DE7460003E2D3 /* aide_parametres.png in Resources */ = {isa = PBXBuildFile; fileRef = F03603CC167DE7460003E2D3 /* aide_parametres.png */; };
		F03603CF167DE7460003E2D3 /* aide_parametres@2x.png in Resources */ = {isa = PBXBuildFile; fileRef = F03603CD167DE7460003E2D3 /* aide_parametres@2x.png */; };
		F040096A1659365A0090AA18 /* cmu07a.dic in Resources */ = {isa = PBXBuildFile; fileRef = F040095A1659365A0090AA18 /* cmu07a.dic */; };
		F040096B1659365A0090AA18 /* feat.params in Resources */ = {isa = PBXBuildFile; fileRef = F040095C1659365A0090AA18 /* feat.params */; };
		F040096C1659365A0090AA18 /* mdef in Resources */ = {isa = PBXBuildFile; fileRef = F040095D1659365A0090AA18 /* mdef */; };
		F040096D1659365A0090AA18 /* means in Resources */ = {isa = PBXBuildFile; fileRef = F040095E1659365A0090AA18 /* means */; };
		F040096E1659365A0090AA18 /* noisedict in Resources */ = {isa = PBXBuildFile; fileRef = F040095F1659365A0090AA18 /* noisedict */; };
		F040096F1659365A0090AA18 /* sendump in Resources */ = {isa = PBXBuildFile; fileRef = F04009601659365A0090AA18 /* sendump */; };
		F04009701659365A0090AA18 /* transition_matrices in Resources */ = {isa = PBXBuildFile; fileRef = F04009611659365A0090AA18 /* transition_matrices */; };
		F04009711659365A0090AA18 /* variances in Resources */ = {isa = PBXBuildFile; fileRef = F04009621659365A0090AA18 /* variances */; };
		F04009721659365A0090AA18 /* OpenEars.framework in Frameworks */ = {isa = PBXBuildFile; fileRef = F04009631659365A0090AA18 /* OpenEars.framework */; };
		F04009731659365A0090AA18 /* OpenEars1.dic in Resources */ = {isa = PBXBuildFile; fileRef = F04009641659365A0090AA18 /* OpenEars1.dic */; };
		F04009741659365A0090AA18 /* OpenEars1.gram in Resources */ = {isa = PBXBuildFile; fileRef = F04009651659365A0090AA18 /* OpenEars1.gram */; };
		F04009751659365A0090AA18 /* OpenEars1.languagemodel in Resources */ = {isa = PBXBuildFile; fileRef = F04009661659365A0090AA18 /* OpenEars1.languagemodel */; };
		F04009761659365A0090AA18 /* OpenEars2.gram in Resources */ = {isa = PBXBuildFile; fileRef = F04009671659365A0090AA18 /* OpenEars2.gram */; };
		F04009771659365A0090AA18 /* OpenEarsCorpus.txt in Resources */ = {isa = PBXBuildFile; fileRef = F04009681659365A0090AA18 /* OpenEarsCorpus.txt */; };
		F04009781659365A0090AA18 /* Slt.framework in Frameworks */ = {isa = PBXBuildFile; fileRef = F04009691659365A0090AA18 /* Slt.framework */; };
		F040097B165CBDDF0090AA18 /* epkyouka.ttf in Resources */ = {isa = PBXBuildFile; fileRef = F040097A165CBDDF0090AA18 /* epkyouka.ttf */; };
		F0400994165CC5050090AA18 /* KanaView.m in Sources */ = {isa = PBXBuildFile; fileRef = F0400993165CC5050090AA18 /* KanaView.m */; };
		F04009AE165D5FE10090AA18 /* LessonControllerViewController.m in Sources */ = {isa = PBXBuildFile; fileRef = F04009AD165D5FE00090AA18 /* LessonControllerViewController.m */; };
		F04009B0165D61480090AA18 /* LessonQCMKana.m in Sources */ = {isa = PBXBuildFile; fileRef = F04009AF165D61480090AA18 /* LessonQCMKana.m */; };
		F04C00B31642E33300EAF61D /* QuartzCore.framework in Frameworks */ = {isa = PBXBuildFile; fileRef = F04C00B21642E33300EAF61D /* QuartzCore.framework */; };
		F060E974163C0A4B009C01E3 /* UIKit.framework in Frameworks */ = {isa = PBXBuildFile; fileRef = F060E973163C0A4B009C01E3 /* UIKit.framework */; };
		F060E976163C0A4B009C01E3 /* Foundation.framework in Frameworks */ = {isa = PBXBuildFile; fileRef = F060E975163C0A4B009C01E3 /* Foundation.framework */; };
		F060E978163C0A4B009C01E3 /* CoreGraphics.framework in Frameworks */ = {isa = PBXBuildFile; fileRef = F060E977163C0A4B009C01E3 /* CoreGraphics.framework */; };
		F060E97E163C0A4B009C01E3 /* InfoPlist.strings in Resources */ = {isa = PBXBuildFile; fileRef = F060E97C163C0A4B009C01E3 /* InfoPlist.strings */; };
		F060E9B4163D5BB3009C01E3 /* CoreData.framework in Frameworks */ = {isa = PBXBuildFile; fileRef = F060E9B3163D5BB3009C01E3 /* CoreData.framework */; };
		F061D984166BDD05007E7422 /* nekoneko_applications_alt.png in Resources */ = {isa = PBXBuildFile; fileRef = F061D980166BDD05007E7422 /* nekoneko_applications_alt.png */; };
		F061D985166BDD05007E7422 /* nekoneko_applications_alt@2x.png in Resources */ = {isa = PBXBuildFile; fileRef = F061D981166BDD05007E7422 /* nekoneko_applications_alt@2x.png */; };
		F061D989166BDD26007E7422 /* nekosensei_kana_logo.png in Resources */ = {isa = PBXBuildFile; fileRef = F061D988166BDD26007E7422 /* nekosensei_kana_logo.png */; };
		F061D98B166BDD2E007E7422 /* nekosensei_kana_logo@2x.png in Resources */ = {isa = PBXBuildFile; fileRef = F061D98A166BDD2E007E7422 /* nekosensei_kana_logo@2x.png */; };
		F061D993167150AD007E7422 /* Default@2x.png in Resources */ = {isa = PBXBuildFile; fileRef = F061D992167150AC007E7422 /* Default@2x.png */; };
		F0679533164B10BE00347CF2 /* LessonRandomKana~ipad.xib in Resources */ = {isa = PBXBuildFile; fileRef = F0679532164B10BE00347CF2 /* LessonRandomKana~ipad.xib */; };
		F0679536164B154200347CF2 /* LessonQCMKana~ipad.xib in Resources */ = {isa = PBXBuildFile; fileRef = F0679535164B154200347CF2 /* LessonQCMKana~ipad.xib */; };
		F0679538164B187C00347CF2 /* ParametersKanaViewController~ipad.xib in Resources */ = {isa = PBXBuildFile; fileRef = F0679537164B187C00347CF2 /* ParametersKanaViewController~ipad.xib */; };
		F073AE0516431ACB00332D78 /* SectionLessonCell.m in Sources */ = {isa = PBXBuildFile; fileRef = F073AE0416431ACA00332D78 /* SectionLessonCell.m */; };
		F08686AE16791C08009C0C8B /* params_icon_over.png in Resources */ = {isa = PBXBuildFile; fileRef = F08686A216791C08009C0C8B /* params_icon_over.png */; };
		F08686AF16791C08009C0C8B /* params_icon_over@2x.png in Resources */ = {isa = PBXBuildFile; fileRef = F08686A316791C08009C0C8B /* params_icon_over@2x.png */; };
		F08686B216791C08009C0C8B /* shuffle_icon_over.png in Resources */ = {isa = PBXBuildFile; fileRef = F08686A616791C08009C0C8B /* shuffle_icon_over.png */; };
		F08686B316791C08009C0C8B /* shuffle_icon_over@2x.png in Resources */ = {isa = PBXBuildFile; fileRef = F08686A716791C08009C0C8B /* shuffle_icon_over@2x.png */; };
		F08686B416791C08009C0C8B /* shuffle_kata_icon_over.png in Resources */ = {isa = PBXBuildFile; fileRef = F08686A816791C08009C0C8B /* shuffle_kata_icon_over.png */; };
		F08686B516791C08009C0C8B /* shuffle_kata_icon_over@2x.png in Resources */ = {isa = PBXBuildFile; fileRef = F08686A916791C08009C0C8B /* shuffle_kata_icon_over@2x.png */; };
		F08686B616791C08009C0C8B /* shuffle_romanji_icon_over.png in Resources */ = {isa = PBXBuildFile; fileRef = F08686AA16791C08009C0C8B /* shuffle_romanji_icon_over.png */; };
		F08686B716791C08009C0C8B /* shuffle_romanji_icon_over@2x.png in Resources */ = {isa = PBXBuildFile; fileRef = F08686AB16791C08009C0C8B /* shuffle_romanji_icon_over@2x.png */; };
		F08686B816791C08009C0C8B /* shuffle_romanji_icon.png in Resources */ = {isa = PBXBuildFile; fileRef = F08686AC16791C08009C0C8B /* shuffle_romanji_icon.png */; };
		F08686B916791C08009C0C8B /* shuffle_romanji_icon@2x.png in Resources */ = {isa = PBXBuildFile; fileRef = F08686AD16791C08009C0C8B /* shuffle_romanji_icon@2x.png */; };
		F08686BF16792898009C0C8B /* HelpViewController.m in Sources */ = {isa = PBXBuildFile; fileRef = F08686BE16792898009C0C8B /* HelpViewController.m */; };
		F08686C21679315F009C0C8B /* title_scroll.png in Resources */ = {isa = PBXBuildFile; fileRef = F08686C01679315F009C0C8B /* title_scroll.png */; };
		F08686C31679315F009C0C8B /* title_scroll@2x.png in Resources */ = {isa = PBXBuildFile; fileRef = F08686C11679315F009C0C8B /* title_scroll@2x.png */; };
		F08686CA167932B5009C0C8B /* qcm_hiragana_icon.png in Resources */ = {isa = PBXBuildFile; fileRef = F08686C4167932B5009C0C8B /* qcm_hiragana_icon.png */; };
		F08686CB167932B5009C0C8B /* qcm_hiragana_icon@2x.png in Resources */ = {isa = PBXBuildFile; fileRef = F08686C5167932B5009C0C8B /* qcm_hiragana_icon@2x.png */; };
		F08686CC167932B5009C0C8B /* qcm_katakana_icon.png in Resources */ = {isa = PBXBuildFile; fileRef = F08686C6167932B5009C0C8B /* qcm_katakana_icon.png */; };
		F08686CD167932B5009C0C8B /* qcm_katakana_icon@2x.png in Resources */ = {isa = PBXBuildFile; fileRef = F08686C7167932B5009C0C8B /* qcm_katakana_icon@2x.png */; };
		F08686CE167932B5009C0C8B /* qcm_romanji_icon.png in Resources */ = {isa = PBXBuildFile; fileRef = F08686C8167932B5009C0C8B /* qcm_romanji_icon.png */; };
		F08686CF167932B5009C0C8B /* qcm_romanji_icon@2x.png in Resources */ = {isa = PBXBuildFile; fileRef = F08686C9167932B5009C0C8B /* qcm_romanji_icon@2x.png */; };
		F08686D216793454009C0C8B /* UIViewController+overView.m in Sources */ = {isa = PBXBuildFile; fileRef = F08686D116793454009C0C8B /* UIViewController+overView.m */; };
		F08686D9167CBB1D009C0C8B /* UIView+Tags.m in Sources */ = {isa = PBXBuildFile; fileRef = F08686D8167CBB1C009C0C8B /* UIView+Tags.m */; };
		F08686DC167CBFE0009C0C8B /* NSTimer+Blocks.m in Sources */ = {isa = PBXBuildFile; fileRef = F08686DB167CBFE0009C0C8B /* NSTimer+Blocks.m */; };
		F0A64DA616593554009752E8 /* AudioToolbox.framework in Frameworks */ = {isa = PBXBuildFile; fileRef = F0A64DA516593554009752E8 /* AudioToolbox.framework */; };
		F0A64DA91659356F009752E8 /* AVFoundation.framework in Frameworks */ = {isa = PBXBuildFile; fileRef = F0A64DA81659356F009752E8 /* AVFoundation.framework */; };
		F0A6F03E167500CB0054E7B6 /* params_icon.png in Resources */ = {isa = PBXBuildFile; fileRef = F0A6F03C167500CB0054E7B6 /* params_icon.png */; };
		F0A6F03F167500CB0054E7B6 /* params_icon@2x.png in Resources */ = {isa = PBXBuildFile; fileRef = F0A6F03D167500CB0054E7B6 /* params_icon@2x.png */; };
		F0A6F044167505C70054E7B6 /* qcm_icon.png in Resources */ = {isa = PBXBuildFile; fileRef = F0A6F042167505C70054E7B6 /* qcm_icon.png */; };
		F0A6F045167505C70054E7B6 /* qcm_icon@2x.png in Resources */ = {isa = PBXBuildFile; fileRef = F0A6F043167505C70054E7B6 /* qcm_icon@2x.png */; };
		F0A6F04816750ABA0054E7B6 /* home_bkg.png in Resources */ = {isa = PBXBuildFile; fileRef = F0A6F04616750ABA0054E7B6 /* home_bkg.png */; };
		F0A6F04916750ABA0054E7B6 /* home_bkg@2x.png in Resources */ = {isa = PBXBuildFile; fileRef = F0A6F04716750ABA0054E7B6 /* home_bkg@2x.png */; };
		F0A6F04E167512190054E7B6 /* btn_back.png in Resources */ = {isa = PBXBuildFile; fileRef = F0A6F04A167512190054E7B6 /* btn_back.png */; };
		F0A6F04F167512190054E7B6 /* btn_back@2x.png in Resources */ = {isa = PBXBuildFile; fileRef = F0A6F04B167512190054E7B6 /* btn_back@2x.png */; };
		F0A6F050167512190054E7B6 /* btn_next.png in Resources */ = {isa = PBXBuildFile; fileRef = F0A6F04C167512190054E7B6 /* btn_next.png */; };
		F0A6F051167512190054E7B6 /* btn_next@2x.png in Resources */ = {isa = PBXBuildFile; fileRef = F0A6F04D167512190054E7B6 /* btn_next@2x.png */; };
		F0A6F056167513040054E7B6 /* btn_back_over.png in Resources */ = {isa = PBXBuildFile; fileRef = F0A6F052167513030054E7B6 /* btn_back_over.png */; };
		F0A6F057167513040054E7B6 /* btn_back_over@2x.png in Resources */ = {isa = PBXBuildFile; fileRef = F0A6F053167513030054E7B6 /* btn_back_over@2x.png */; };
		F0A6F058167513040054E7B6 /* btn_next_over.png in Resources */ = {isa = PBXBuildFile; fileRef = F0A6F054167513040054E7B6 /* btn_next_over.png */; };
		F0A6F059167513040054E7B6 /* btn_next_over@2x.png in Resources */ = {isa = PBXBuildFile; fileRef = F0A6F055167513040054E7B6 /* btn_next_over@2x.png */; };
		F0A6F05E1675169D0054E7B6 /* btn_qcm_over.png in Resources */ = {isa = PBXBuildFile; fileRef = F0A6F05A1675169C0054E7B6 /* btn_qcm_over.png */; };
		F0A6F05F1675169D0054E7B6 /* btn_qcm_over@2x.png in Resources */ = {isa = PBXBuildFile; fileRef = F0A6F05B1675169C0054E7B6 /* btn_qcm_over@2x.png */; };
		F0A6F0601675169D0054E7B6 /* btn_qcm.png in Resources */ = {isa = PBXBuildFile; fileRef = F0A6F05C1675169D0054E7B6 /* btn_qcm.png */; };
		F0A6F0611675169D0054E7B6 /* btn_qcm@2x.png in Resources */ = {isa = PBXBuildFile; fileRef = F0A6F05D1675169D0054E7B6 /* btn_qcm@2x.png */; };
		F0CE9495163F2F95004F7E2B /* ParametersCell.xib in Resources */ = {isa = PBXBuildFile; fileRef = F0CE948D163F2F95004F7E2B /* ParametersCell.xib */; };
		F0CE9496163F2F95004F7E2B /* LessonRandomKana.xib in Resources */ = {isa = PBXBuildFile; fileRef = F0CE948E163F2F95004F7E2B /* LessonRandomKana.xib */; };
		F0CE9498163F2F95004F7E2B /* ParametersKanaViewController.xib in Resources */ = {isa = PBXBuildFile; fileRef = F0CE9491163F2F95004F7E2B /* ParametersKanaViewController.xib */; };
		F0CE94BE164082DC004F7E2B /* AppDelegate.m in Sources */ = {isa = PBXBuildFile; fileRef = F0CE946A163F2F87004F7E2B /* AppDelegate.m */; };
		F0CE94C916408483004F7E2B /* AppDelegate.m in Resources */ = {isa = PBXBuildFile; fileRef = F0CE946A163F2F87004F7E2B /* AppDelegate.m */; };
		F0CE94DF164084B9004F7E2B /* Computer.m in Sources */ = {isa = PBXBuildFile; fileRef = F0CE94CC164084B9004F7E2B /* Computer.m */; };
		F0CE94E0164084B9004F7E2B /* Kana.m in Sources */ = {isa = PBXBuildFile; fileRef = F0CE94CE164084B9004F7E2B /* Kana.m */; };
		F0CE94E1164084B9004F7E2B /* KanaFlipView.m in Sources */ = {isa = PBXBuildFile; fileRef = F0CE94D0164084B9004F7E2B /* KanaFlipView.m */; };
		F0CE94E2164084B9004F7E2B /* ParametersCell.m in Sources */ = {isa = PBXBuildFile; fileRef = F0CE94D2164084B9004F7E2B /* ParametersCell.m */; };
		F0CE94E3164084B9004F7E2B /* Lesson.m in Sources */ = {isa = PBXBuildFile; fileRef = F0CE94D4164084B9004F7E2B /* Lesson.m */; };
		F0CE94E4164084B9004F7E2B /* LessonCell.m in Sources */ = {isa = PBXBuildFile; fileRef = F0CE94D6164084B9004F7E2B /* LessonCell.m */; };
		F0CE94E5164084B9004F7E2B /* LessonContainerController.m in Sources */ = {isa = PBXBuildFile; fileRef = F0CE94D8164084B9004F7E2B /* LessonContainerController.m */; };
		F0CE94E6164084B9004F7E2B /* LessonRandomKana.m in Sources */ = {isa = PBXBuildFile; fileRef = F0CE94DA164084B9004F7E2B /* LessonRandomKana.m */; };
		F0CE94E8164084B9004F7E2B /* ParametersKanaViewController.m in Sources */ = {isa = PBXBuildFile; fileRef = F0CE94DE164084B9004F7E2B /* ParametersKanaViewController.m */; };
		F0CE94E91640850B004F7E2B /* main.m in Sources */ = {isa = PBXBuildFile; fileRef = F060E97F163C0A4B009C01E3 /* main.m */; };
		F0CE94EC164085B4004F7E2B /* MainViewController.m in Sources */ = {isa = PBXBuildFile; fileRef = F0CE94DC164084B9004F7E2B /* MainViewController.m */; };
		F0CE94ED16408771004F7E2B /* MainViewController.m in Resources */ = {isa = PBXBuildFile; fileRef = F0CE94DC164084B9004F7E2B /* MainViewController.m */; };
/* End PBXBuildFile section */

/* Begin PBXFileReference section */
		F00D6F991674AFB1001AF0B9 /* UIColor+RGB.h */ = {isa = PBXFileReference; fileEncoding = 4; lastKnownFileType = sourcecode.c.h; name = "UIColor+RGB.h"; path = "classes/UIColor+RGB.h"; sourceTree = "<group>"; };
		F00D6F9A1674AFB1001AF0B9 /* UIColor+RGB.m */ = {isa = PBXFileReference; fileEncoding = 4; lastKnownFileType = sourcecode.c.objc; name = "UIColor+RGB.m"; path = "classes/UIColor+RGB.m"; sourceTree = "<group>"; };
		F00D6FA31674D4D3001AF0B9 /* splashscreen.png */ = {isa = PBXFileReference; lastKnownFileType = image.png; name = splashscreen.png; path = ressources/splashscreen.png; sourceTree = "<group>"; };
		F00D6FA41674D4D3001AF0B9 /* splashscreen@2x.png */ = {isa = PBXFileReference; lastKnownFileType = image.png; name = "splashscreen@2x.png"; path = "ressources/splashscreen@2x.png"; sourceTree = "<group>"; };
		F00D6FA81674D5CF001AF0B9 /* boardcard.png */ = {isa = PBXFileReference; lastKnownFileType = image.png; name = boardcard.png; path = ressources/boardcard.png; sourceTree = "<group>"; };
		F00D6FA91674D5CF001AF0B9 /* boardcard@2x.png */ = {isa = PBXFileReference; lastKnownFileType = image.png; name = "boardcard@2x.png"; path = "ressources/boardcard@2x.png"; sourceTree = "<group>"; };
		F00D6FAC1674DA78001AF0B9 /* shuffle_icon.png */ = {isa = PBXFileReference; lastKnownFileType = image.png; name = shuffle_icon.png; path = ressources/shuffle_icon.png; sourceTree = "<group>"; };
		F00D6FAD1674DA78001AF0B9 /* shuffle_icon@2x.png */ = {isa = PBXFileReference; lastKnownFileType = image.png; name = "shuffle_icon@2x.png"; path = "ressources/shuffle_icon@2x.png"; sourceTree = "<group>"; };
		F00D6FB21674DCE7001AF0B9 /* shuffle_kata_icon.png */ = {isa = PBXFileReference; lastKnownFileType = image.png; name = shuffle_kata_icon.png; path = ressources/shuffle_kata_icon.png; sourceTree = "<group>"; };
		F00D6FB31674DCE7001AF0B9 /* shuffle_kata_icon@2x.png */ = {isa = PBXFileReference; lastKnownFileType = image.png; name = "shuffle_kata_icon@2x.png"; path = "ressources/shuffle_kata_icon@2x.png"; sourceTree = "<group>"; };
		F00EEA481643293B006D21DA /* PSTCollectionView.h */ = {isa = PBXFileReference; fileEncoding = 4; lastKnownFileType = sourcecode.c.h; name = PSTCollectionView.h; path = vendors/PSTCollectionView/PSTCollectionView.h; sourceTree = "<group>"; };
		F00EEA491643293B006D21DA /* PSTCollectionView.m */ = {isa = PBXFileReference; fileEncoding = 4; lastKnownFileType = sourcecode.c.objc; name = PSTCollectionView.m; path = vendors/PSTCollectionView/PSTCollectionView.m; sourceTree = "<group>"; };
		F00EEA4A1643293B006D21DA /* PSTCollectionViewCell.h */ = {isa = PBXFileReference; fileEncoding = 4; lastKnownFileType = sourcecode.c.h; name = PSTCollectionViewCell.h; path = vendors/PSTCollectionView/PSTCollectionViewCell.h; sourceTree = "<group>"; };
		F00EEA4B1643293B006D21DA /* PSTCollectionViewCell.m */ = {isa = PBXFileReference; fileEncoding = 4; lastKnownFileType = sourcecode.c.objc; name = PSTCollectionViewCell.m; path = vendors/PSTCollectionView/PSTCollectionViewCell.m; sourceTree = "<group>"; };
		F00EEA4C1643293B006D21DA /* PSTCollectionViewCommon.h */ = {isa = PBXFileReference; fileEncoding = 4; lastKnownFileType = sourcecode.c.h; name = PSTCollectionViewCommon.h; path = vendors/PSTCollectionView/PSTCollectionViewCommon.h; sourceTree = "<group>"; };
		F00EEA4D1643293B006D21DA /* PSTCollectionViewController.h */ = {isa = PBXFileReference; fileEncoding = 4; lastKnownFileType = sourcecode.c.h; name = PSTCollectionViewController.h; path = vendors/PSTCollectionView/PSTCollectionViewController.h; sourceTree = "<group>"; };
		F00EEA4E1643293B006D21DA /* PSTCollectionViewController.m */ = {isa = PBXFileReference; fileEncoding = 4; lastKnownFileType = sourcecode.c.objc; name = PSTCollectionViewController.m; path = vendors/PSTCollectionView/PSTCollectionViewController.m; sourceTree = "<group>"; };
		F00EEA4F1643293B006D21DA /* PSTCollectionViewData.h */ = {isa = PBXFileReference; fileEncoding = 4; lastKnownFileType = sourcecode.c.h; name = PSTCollectionViewData.h; path = vendors/PSTCollectionView/PSTCollectionViewData.h; sourceTree = "<group>"; };
		F00EEA501643293B006D21DA /* PSTCollectionViewData.m */ = {isa = PBXFileReference; fileEncoding = 4; lastKnownFileType = sourcecode.c.objc; name = PSTCollectionViewData.m; path = vendors/PSTCollectionView/PSTCollectionViewData.m; sourceTree = "<group>"; };
		F00EEA511643293B006D21DA /* PSTCollectionViewFlowLayout.h */ = {isa = PBXFileReference; fileEncoding = 4; lastKnownFileType = sourcecode.c.h; name = PSTCollectionViewFlowLayout.h; path = vendors/PSTCollectionView/PSTCollectionViewFlowLayout.h; sourceTree = "<group>"; };
		F00EEA521643293B006D21DA /* PSTCollectionViewFlowLayout.m */ = {isa = PBXFileReference; fileEncoding = 4; lastKnownFileType = sourcecode.c.objc; name = PSTCollectionViewFlowLayout.m; path = vendors/PSTCollectionView/PSTCollectionViewFlowLayout.m; sourceTree = "<group>"; };
		F00EEA531643293B006D21DA /* PSTCollectionViewItemKey.h */ = {isa = PBXFileReference; fileEncoding = 4; lastKnownFileType = sourcecode.c.h; name = PSTCollectionViewItemKey.h; path = vendors/PSTCollectionView/PSTCollectionViewItemKey.h; sourceTree = "<group>"; };
		F00EEA541643293B006D21DA /* PSTCollectionViewItemKey.m */ = {isa = PBXFileReference; fileEncoding = 4; lastKnownFileType = sourcecode.c.objc; name = PSTCollectionViewItemKey.m; path = vendors/PSTCollectionView/PSTCollectionViewItemKey.m; sourceTree = "<group>"; };
		F00EEA551643293B006D21DA /* PSTCollectionViewLayout.h */ = {isa = PBXFileReference; fileEncoding = 4; lastKnownFileType = sourcecode.c.h; name = PSTCollectionViewLayout.h; path = vendors/PSTCollectionView/PSTCollectionViewLayout.h; sourceTree = "<group>"; };
		F00EEA561643293B006D21DA /* PSTCollectionViewLayout.m */ = {isa = PBXFileReference; fileEncoding = 4; lastKnownFileType = sourcecode.c.objc; name = PSTCollectionViewLayout.m; path = vendors/PSTCollectionView/PSTCollectionViewLayout.m; sourceTree = "<group>"; };
		F00EEA571643293B006D21DA /* PSTGridLayoutInfo.h */ = {isa = PBXFileReference; fileEncoding = 4; lastKnownFileType = sourcecode.c.h; name = PSTGridLayoutInfo.h; path = vendors/PSTCollectionView/PSTGridLayoutInfo.h; sourceTree = "<group>"; };
		F00EEA581643293B006D21DA /* PSTGridLayoutInfo.m */ = {isa = PBXFileReference; fileEncoding = 4; lastKnownFileType = sourcecode.c.objc; name = PSTGridLayoutInfo.m; path = vendors/PSTCollectionView/PSTGridLayoutInfo.m; sourceTree = "<group>"; };
		F00EEA591643293B006D21DA /* PSTGridLayoutItem.h */ = {isa = PBXFileReference; fileEncoding = 4; lastKnownFileType = sourcecode.c.h; name = PSTGridLayoutItem.h; path = vendors/PSTCollectionView/PSTGridLayoutItem.h; sourceTree = "<group>"; };
		F00EEA5A1643293B006D21DA /* PSTGridLayoutItem.m */ = {isa = PBXFileReference; fileEncoding = 4; lastKnownFileType = sourcecode.c.objc; name = PSTGridLayoutItem.m; path = vendors/PSTCollectionView/PSTGridLayoutItem.m; sourceTree = "<group>"; };
		F00EEA5B1643293B006D21DA /* PSTGridLayoutRow.h */ = {isa = PBXFileReference; fileEncoding = 4; lastKnownFileType = sourcecode.c.h; name = PSTGridLayoutRow.h; path = vendors/PSTCollectionView/PSTGridLayoutRow.h; sourceTree = "<group>"; };
		F00EEA5C1643293B006D21DA /* PSTGridLayoutRow.m */ = {isa = PBXFileReference; fileEncoding = 4; lastKnownFileType = sourcecode.c.objc; name = PSTGridLayoutRow.m; path = vendors/PSTCollectionView/PSTGridLayoutRow.m; sourceTree = "<group>"; };
		F00EEA5D1643293B006D21DA /* PSTGridLayoutSection.h */ = {isa = PBXFileReference; fileEncoding = 4; lastKnownFileType = sourcecode.c.h; name = PSTGridLayoutSection.h; path = vendors/PSTCollectionView/PSTGridLayoutSection.h; sourceTree = "<group>"; };
		F00EEA5E1643293B006D21DA /* PSTGridLayoutSection.m */ = {isa = PBXFileReference; fileEncoding = 4; lastKnownFileType = sourcecode.c.objc; name = PSTGridLayoutSection.m; path = vendors/PSTCollectionView/PSTGridLayoutSection.m; sourceTree = "<group>"; };
		F02D13791646AAE90093EAD0 /* tired-konata.jpeg */ = {isa = PBXFileReference; lastKnownFileType = image.jpeg; path = "tired-konata.jpeg"; sourceTree = "<group>"; };
		F02D13811647EA240093EAD0 /* LessonQCMKana.h */ = {isa = PBXFileReference; fileEncoding = 4; lastKnownFileType = sourcecode.c.h; name = LessonQCMKana.h; path = classes/LessonQCMKana.h; sourceTree = "<group>"; };
		F02D13861647EA460093EAD0 /* LessonQCMKana.xib */ = {isa = PBXFileReference; fileEncoding = 4; lastKnownFileType = file.xib; name = LessonQCMKana.xib; path = ressources/LessonQCMKana.xib; sourceTree = "<group>"; };
		F02D138D164837750093EAD0 /* NSMutableArray+Shuffling.h */ = {isa = PBXFileReference; fileEncoding = 4; lastKnownFileType = sourcecode.c.h; name = "NSMutableArray+Shuffling.h"; path = "classes/NSMutableArray+Shuffling.h"; sourceTree = "<group>"; };
		F03603B8167DDE0A0003E2D3 /* aide_shuffle.png */ = {isa = PBXFileReference; lastKnownFileType = image.png; name = aide_shuffle.png; path = ressources/aide_shuffle.png; sourceTree = "<group>"; };
		F03603B9167DDE0A0003E2D3 /* aide_shuffle@2x.png */ = {isa = PBXFileReference; lastKnownFileType = image.png; name = "aide_shuffle@2x.png"; path = "ressources/aide_shuffle@2x.png"; sourceTree = "<group>"; };
		F03603BC167DE51F0003E2D3 /* aide_qcm.png */ = {isa = PBXFileReference; lastKnownFileType = image.png; name = aide_qcm.png; path = ressources/aide_qcm.png; sourceTree = "<group>"; };
		F03603BD167DE51F0003E2D3 /* aide_qcm@2x.png */ = {isa = PBXFileReference; lastKnownFileType = image.png; name = "aide_qcm@2x.png"; path = "ressources/aide_qcm@2x.png"; sourceTree = "<group>"; };
		F03603C0167DE6640003E2D3 /* helpParameters.xib */ = {isa = PBXFileReference; fileEncoding = 4; lastKnownFileType = file.xib; name = helpParameters.xib; path = ressources/helpParameters.xib; sourceTree = "<group>"; };
		F03603C1167DE6640003E2D3 /* helpParameters~ipad.xib */ = {isa = PBXFileReference; fileEncoding = 4; lastKnownFileType = file.xib; name = "helpParameters~ipad.xib"; path = "ressources/helpParameters~ipad.xib"; sourceTree = "<group>"; };
		F03603C2167DE6640003E2D3 /* helpQCM.xib */ = {isa = PBXFileReference; fileEncoding = 4; lastKnownFileType = file.xib; name = helpQCM.xib; path = ressources/helpQCM.xib; sourceTree = "<group>"; };
		F03603C3167DE6640003E2D3 /* helpQCM~ipad.xib */ = {isa = PBXFileReference; fileEncoding = 4; lastKnownFileType = file.xib; name = "helpQCM~ipad.xib"; path = "ressources/helpQCM~ipad.xib"; sourceTree = "<group>"; };
		F03603C4167DE6640003E2D3 /* helpRandom.xib */ = {isa = PBXFileReference; fileEncoding = 4; lastKnownFileType = file.xib; name = helpRandom.xib; path = ressources/helpRandom.xib; sourceTree = "<group>"; };
		F03603C5167DE6640003E2D3 /* helpRandom~ipad.xib */ = {isa = PBXFileReference; fileEncoding = 4; lastKnownFileType = file.xib; name = "helpRandom~ipad.xib"; path = "ressources/helpRandom~ipad.xib"; sourceTree = "<group>"; };
		F03603CC167DE7460003E2D3 /* aide_parametres.png */ = {isa = PBXFileReference; lastKnownFileType = image.png; name = aide_parametres.png; path = ressources/aide_parametres.png; sourceTree = "<group>"; };
		F03603CD167DE7460003E2D3 /* aide_parametres@2x.png */ = {isa = PBXFileReference; lastKnownFileType = image.png; name = "aide_parametres@2x.png"; path = "ressources/aide_parametres@2x.png"; sourceTree = "<group>"; };
		F040095A1659365A0090AA18 /* cmu07a.dic */ = {isa = PBXFileReference; fileEncoding = 4; lastKnownFileType = text; path = cmu07a.dic; sourceTree = "<group>"; };
		F040095C1659365A0090AA18 /* feat.params */ = {isa = PBXFileReference; fileEncoding = 4; lastKnownFileType = text; path = feat.params; sourceTree = "<group>"; };
		F040095D1659365A0090AA18 /* mdef */ = {isa = PBXFileReference; lastKnownFileType = file; path = mdef; sourceTree = "<group>"; };
		F040095E1659365A0090AA18 /* means */ = {isa = PBXFileReference; lastKnownFileType = file; path = means; sourceTree = "<group>"; };
		F040095F1659365A0090AA18 /* noisedict */ = {isa = PBXFileReference; fileEncoding = 4; lastKnownFileType = text; path = noisedict; sourceTree = "<group>"; };
		F04009601659365A0090AA18 /* sendump */ = {isa = PBXFileReference; lastKnownFileType = file; path = sendump; sourceTree = "<group>"; };
		F04009611659365A0090AA18 /* transition_matrices */ = {isa = PBXFileReference; lastKnownFileType = file; path = transition_matrices; sourceTree = "<group>"; };
		F04009621659365A0090AA18 /* variances */ = {isa = PBXFileReference; lastKnownFileType = file; path = variances; sourceTree = "<group>"; };
		F04009631659365A0090AA18 /* OpenEars.framework */ = {isa = PBXFileReference; lastKnownFileType = wrapper.framework; path = OpenEars.framework; sourceTree = "<group>"; };
		F04009641659365A0090AA18 /* OpenEars1.dic */ = {isa = PBXFileReference; fileEncoding = 4; lastKnownFileType = text; path = OpenEars1.dic; sourceTree = "<group>"; };
		F04009651659365A0090AA18 /* OpenEars1.gram */ = {isa = PBXFileReference; fileEncoding = 4; lastKnownFileType = text; path = OpenEars1.gram; sourceTree = "<group>"; };
		F04009661659365A0090AA18 /* OpenEars1.languagemodel */ = {isa = PBXFileReference; fileEncoding = 4; lastKnownFileType = text; path = OpenEars1.languagemodel; sourceTree = "<group>"; };
		F04009671659365A0090AA18 /* OpenEars2.gram */ = {isa = PBXFileReference; fileEncoding = 4; lastKnownFileType = text; path = OpenEars2.gram; sourceTree = "<group>"; };
		F04009681659365A0090AA18 /* OpenEarsCorpus.txt */ = {isa = PBXFileReference; fileEncoding = 4; lastKnownFileType = text; path = OpenEarsCorpus.txt; sourceTree = "<group>"; };
		F04009691659365A0090AA18 /* Slt.framework */ = {isa = PBXFileReference; lastKnownFileType = wrapper.framework; path = Slt.framework; sourceTree = "<group>"; };
		F040097A165CBDDF0090AA18 /* epkyouka.ttf */ = {isa = PBXFileReference; lastKnownFileType = file; name = epkyouka.ttf; path = ressources/epkyouka.ttf; sourceTree = "<group>"; };
		F0400992165CC5050090AA18 /* KanaView.h */ = {isa = PBXFileReference; fileEncoding = 4; lastKnownFileType = sourcecode.c.h; name = KanaView.h; path = classes/KanaView.h; sourceTree = "<group>"; };
		F0400993165CC5050090AA18 /* KanaView.m */ = {isa = PBXFileReference; fileEncoding = 4; lastKnownFileType = sourcecode.c.objc; name = KanaView.m; path = classes/KanaView.m; sourceTree = "<group>"; };
		F04009A9165D5C9F0090AA18 /* constant.h */ = {isa = PBXFileReference; fileEncoding = 4; lastKnownFileType = sourcecode.c.h; name = constant.h; path = classes/constant.h; sourceTree = "<group>"; };
		F04009AC165D5FDF0090AA18 /* LessonControllerViewController.h */ = {isa = PBXFileReference; fileEncoding = 4; lastKnownFileType = sourcecode.c.h; name = LessonControllerViewController.h; path = classes/LessonControllerViewController.h; sourceTree = "<group>"; };
		F04009AD165D5FE00090AA18 /* LessonControllerViewController.m */ = {isa = PBXFileReference; fileEncoding = 4; lastKnownFileType = sourcecode.c.objc; name = LessonControllerViewController.m; path = classes/LessonControllerViewController.m; sourceTree = "<group>"; };
		F04009AF165D61480090AA18 /* LessonQCMKana.m */ = {isa = PBXFileReference; fileEncoding = 4; lastKnownFileType = sourcecode.c.objc; name = LessonQCMKana.m; path = classes/LessonQCMKana.m; sourceTree = "<group>"; };
		F04C00B21642E33300EAF61D /* QuartzCore.framework */ = {isa = PBXFileReference; lastKnownFileType = wrapper.framework; name = QuartzCore.framework; path = System/Library/Frameworks/QuartzCore.framework; sourceTree = SDKROOT; };
		F060E96F163C0A4B009C01E3 /* J'apprend le japonais.app */ = {isa = PBXFileReference; explicitFileType = wrapper.application; includeInIndex = 0; path = "J'apprend le japonais.app"; sourceTree = BUILT_PRODUCTS_DIR; };
		F060E973163C0A4B009C01E3 /* UIKit.framework */ = {isa = PBXFileReference; lastKnownFileType = wrapper.framework; name = UIKit.framework; path = System/Library/Frameworks/UIKit.framework; sourceTree = SDKROOT; };
		F060E975163C0A4B009C01E3 /* Foundation.framework */ = {isa = PBXFileReference; lastKnownFileType = wrapper.framework; name = Foundation.framework; path = System/Library/Frameworks/Foundation.framework; sourceTree = SDKROOT; };
		F060E977163C0A4B009C01E3 /* CoreGraphics.framework */ = {isa = PBXFileReference; lastKnownFileType = wrapper.framework; name = CoreGraphics.framework; path = System/Library/Frameworks/CoreGraphics.framework; sourceTree = SDKROOT; };
		F060E97B163C0A4B009C01E3 /* J'apprend le japonais-Info.plist */ = {isa = PBXFileReference; lastKnownFileType = text.plist.xml; path = "J'apprend le japonais-Info.plist"; sourceTree = "<group>"; };
		F060E97D163C0A4B009C01E3 /* en */ = {isa = PBXFileReference; lastKnownFileType = text.plist.strings; name = en; path = en.lproj/InfoPlist.strings; sourceTree = "<group>"; };
		F060E97F163C0A4B009C01E3 /* main.m */ = {isa = PBXFileReference; lastKnownFileType = sourcecode.c.objc; path = main.m; sourceTree = "<group>"; };
		F060E981163C0A4B009C01E3 /* J'apprend le japonais-Prefix.pch */ = {isa = PBXFileReference; lastKnownFileType = sourcecode.c.h; path = "J'apprend le japonais-Prefix.pch"; sourceTree = "<group>"; };
		F060E98C163C0A4B009C01E3 /* en */ = {isa = PBXFileReference; lastKnownFileType = file.storyboard; name = en; path = en.lproj/MainStoryboard_iPhone.storyboard; sourceTree = "<group>"; };
		F060E98F163C0A4B009C01E3 /* en */ = {isa = PBXFileReference; lastKnownFileType = file.storyboard; name = en; path = en.lproj/MainStoryboard_iPad.storyboard; sourceTree = "<group>"; };
		F060E9B3163D5BB3009C01E3 /* CoreData.framework */ = {isa = PBXFileReference; lastKnownFileType = wrapper.framework; name = CoreData.framework; path = System/Library/Frameworks/CoreData.framework; sourceTree = SDKROOT; };
		F060E9B6163D5C03009C01E3 /* Model.xcdatamodel */ = {isa = PBXFileReference; lastKnownFileType = wrapper.xcdatamodel; path = Model.xcdatamodel; sourceTree = "<group>"; };
		F061D980166BDD05007E7422 /* nekoneko_applications_alt.png */ = {isa = PBXFileReference; lastKnownFileType = image.png; name = nekoneko_applications_alt.png; path = ressources/nekoneko_applications_alt.png; sourceTree = "<group>"; };
		F061D981166BDD05007E7422 /* nekoneko_applications_alt@2x.png */ = {isa = PBXFileReference; lastKnownFileType = image.png; name = "nekoneko_applications_alt@2x.png"; path = "ressources/nekoneko_applications_alt@2x.png"; sourceTree = "<group>"; };
		F061D988166BDD26007E7422 /* nekosensei_kana_logo.png */ = {isa = PBXFileReference; lastKnownFileType = image.png; path = nekosensei_kana_logo.png; sourceTree = "<group>"; };
		F061D98A166BDD2E007E7422 /* nekosensei_kana_logo@2x.png */ = {isa = PBXFileReference; lastKnownFileType = image.png; path = "nekosensei_kana_logo@2x.png"; sourceTree = "<group>"; };
		F061D990167150A0007E7422 /* Default.png */ = {isa = PBXFileReference; lastKnownFileType = image.png; path = Default.png; sourceTree = "<group>"; };
		F061D992167150AC007E7422 /* Default@2x.png */ = {isa = PBXFileReference; lastKnownFileType = image.png; path = "Default@2x.png"; sourceTree = "<group>"; };
		F061D994167150B5007E7422 /* Default-568h@2x.png */ = {isa = PBXFileReference; lastKnownFileType = image.png; path = "Default-568h@2x.png"; sourceTree = "<group>"; };
		F0679532164B10BE00347CF2 /* LessonRandomKana~ipad.xib */ = {isa = PBXFileReference; fileEncoding = 4; lastKnownFileType = file.xib; name = "LessonRandomKana~ipad.xib"; path = "ressources/LessonRandomKana~ipad.xib"; sourceTree = "<group>"; };
		F0679535164B154200347CF2 /* LessonQCMKana~ipad.xib */ = {isa = PBXFileReference; fileEncoding = 4; lastKnownFileType = file.xib; name = "LessonQCMKana~ipad.xib"; path = "ressources/LessonQCMKana~ipad.xib"; sourceTree = "<group>"; };
		F0679537164B187C00347CF2 /* ParametersKanaViewController~ipad.xib */ = {isa = PBXFileReference; fileEncoding = 4; lastKnownFileType = file.xib; name = "ParametersKanaViewController~ipad.xib"; path = "ressources/ParametersKanaViewController~ipad.xib"; sourceTree = "<group>"; };
		F073AE0316431ACA00332D78 /* SectionLessonCell.h */ = {isa = PBXFileReference; fileEncoding = 4; lastKnownFileType = sourcecode.c.h; name = SectionLessonCell.h; path = Classes/SectionLessonCell.h; sourceTree = "<group>"; };
		F073AE0416431ACA00332D78 /* SectionLessonCell.m */ = {isa = PBXFileReference; fileEncoding = 4; lastKnownFileType = sourcecode.c.objc; name = SectionLessonCell.m; path = Classes/SectionLessonCell.m; sourceTree = "<group>"; };
		F08686A216791C08009C0C8B /* params_icon_over.png */ = {isa = PBXFileReference; lastKnownFileType = image.png; name = params_icon_over.png; path = ressources/params_icon_over.png; sourceTree = "<group>"; };
		F08686A316791C08009C0C8B /* params_icon_over@2x.png */ = {isa = PBXFileReference; lastKnownFileType = image.png; name = "params_icon_over@2x.png"; path = "ressources/params_icon_over@2x.png"; sourceTree = "<group>"; };
		F08686A616791C08009C0C8B /* shuffle_icon_over.png */ = {isa = PBXFileReference; lastKnownFileType = image.png; name = shuffle_icon_over.png; path = ressources/shuffle_icon_over.png; sourceTree = "<group>"; };
		F08686A716791C08009C0C8B /* shuffle_icon_over@2x.png */ = {isa = PBXFileReference; lastKnownFileType = image.png; name = "shuffle_icon_over@2x.png"; path = "ressources/shuffle_icon_over@2x.png"; sourceTree = "<group>"; };
		F08686A816791C08009C0C8B /* shuffle_kata_icon_over.png */ = {isa = PBXFileReference; lastKnownFileType = image.png; name = shuffle_kata_icon_over.png; path = ressources/shuffle_kata_icon_over.png; sourceTree = "<group>"; };
		F08686A916791C08009C0C8B /* shuffle_kata_icon_over@2x.png */ = {isa = PBXFileReference; lastKnownFileType = image.png; name = "shuffle_kata_icon_over@2x.png"; path = "ressources/shuffle_kata_icon_over@2x.png"; sourceTree = "<group>"; };
		F08686AA16791C08009C0C8B /* shuffle_romanji_icon_over.png */ = {isa = PBXFileReference; lastKnownFileType = image.png; name = shuffle_romanji_icon_over.png; path = ressources/shuffle_romanji_icon_over.png; sourceTree = "<group>"; };
		F08686AB16791C08009C0C8B /* shuffle_romanji_icon_over@2x.png */ = {isa = PBXFileReference; lastKnownFileType = image.png; name = "shuffle_romanji_icon_over@2x.png"; path = "ressources/shuffle_romanji_icon_over@2x.png"; sourceTree = "<group>"; };
		F08686AC16791C08009C0C8B /* shuffle_romanji_icon.png */ = {isa = PBXFileReference; lastKnownFileType = image.png; name = shuffle_romanji_icon.png; path = ressources/shuffle_romanji_icon.png; sourceTree = "<group>"; };
		F08686AD16791C08009C0C8B /* shuffle_romanji_icon@2x.png */ = {isa = PBXFileReference; lastKnownFileType = image.png; name = "shuffle_romanji_icon@2x.png"; path = "ressources/shuffle_romanji_icon@2x.png"; sourceTree = "<group>"; };
		F08686BD16792898009C0C8B /* HelpViewController.h */ = {isa = PBXFileReference; fileEncoding = 4; lastKnownFileType = sourcecode.c.h; name = HelpViewController.h; path = classes/HelpViewController.h; sourceTree = "<group>"; };
		F08686BE16792898009C0C8B /* HelpViewController.m */ = {isa = PBXFileReference; fileEncoding = 4; lastKnownFileType = sourcecode.c.objc; name = HelpViewController.m; path = classes/HelpViewController.m; sourceTree = "<group>"; };
		F08686C01679315F009C0C8B /* title_scroll.png */ = {isa = PBXFileReference; lastKnownFileType = image.png; name = title_scroll.png; path = ressources/title_scroll.png; sourceTree = "<group>"; };
		F08686C11679315F009C0C8B /* title_scroll@2x.png */ = {isa = PBXFileReference; lastKnownFileType = image.png; name = "title_scroll@2x.png"; path = "ressources/title_scroll@2x.png"; sourceTree = "<group>"; };
		F08686C4167932B5009C0C8B /* qcm_hiragana_icon.png */ = {isa = PBXFileReference; lastKnownFileType = image.png; name = qcm_hiragana_icon.png; path = ressources/qcm_hiragana_icon.png; sourceTree = "<group>"; };
		F08686C5167932B5009C0C8B /* qcm_hiragana_icon@2x.png */ = {isa = PBXFileReference; lastKnownFileType = image.png; name = "qcm_hiragana_icon@2x.png"; path = "ressources/qcm_hiragana_icon@2x.png"; sourceTree = "<group>"; };
		F08686C6167932B5009C0C8B /* qcm_katakana_icon.png */ = {isa = PBXFileReference; lastKnownFileType = image.png; name = qcm_katakana_icon.png; path = ressources/qcm_katakana_icon.png; sourceTree = "<group>"; };
		F08686C7167932B5009C0C8B /* qcm_katakana_icon@2x.png */ = {isa = PBXFileReference; lastKnownFileType = image.png; name = "qcm_katakana_icon@2x.png"; path = "ressources/qcm_katakana_icon@2x.png"; sourceTree = "<group>"; };
		F08686C8167932B5009C0C8B /* qcm_romanji_icon.png */ = {isa = PBXFileReference; lastKnownFileType = image.png; name = qcm_romanji_icon.png; path = ressources/qcm_romanji_icon.png; sourceTree = "<group>"; };
		F08686C9167932B5009C0C8B /* qcm_romanji_icon@2x.png */ = {isa = PBXFileReference; lastKnownFileType = image.png; name = "qcm_romanji_icon@2x.png"; path = "ressources/qcm_romanji_icon@2x.png"; sourceTree = "<group>"; };
		F08686D016793454009C0C8B /* UIViewController+overView.h */ = {isa = PBXFileReference; fileEncoding = 4; lastKnownFileType = sourcecode.c.h; name = "UIViewController+overView.h"; path = "classes/UIViewController+overView.h"; sourceTree = "<group>"; };
		F08686D116793454009C0C8B /* UIViewController+overView.m */ = {isa = PBXFileReference; fileEncoding = 4; lastKnownFileType = sourcecode.c.objc; name = "UIViewController+overView.m"; path = "classes/UIViewController+overView.m"; sourceTree = "<group>"; };
		F08686D7167CBB1C009C0C8B /* UIView+Tags.h */ = {isa = PBXFileReference; fileEncoding = 4; lastKnownFileType = sourcecode.c.h; name = "UIView+Tags.h"; path = "classes/UIView+Tags.h"; sourceTree = "<group>"; };
		F08686D8167CBB1C009C0C8B /* UIView+Tags.m */ = {isa = PBXFileReference; fileEncoding = 4; lastKnownFileType = sourcecode.c.objc; name = "UIView+Tags.m"; path = "classes/UIView+Tags.m"; sourceTree = "<group>"; };
		F08686DA167CBFDF009C0C8B /* NSTimer+Blocks.h */ = {isa = PBXFileReference; fileEncoding = 4; lastKnownFileType = sourcecode.c.h; name = "NSTimer+Blocks.h"; path = "classes/NSTimer+Blocks.h"; sourceTree = "<group>"; };
		F08686DB167CBFE0009C0C8B /* NSTimer+Blocks.m */ = {isa = PBXFileReference; fileEncoding = 4; lastKnownFileType = sourcecode.c.objc; name = "NSTimer+Blocks.m"; path = "classes/NSTimer+Blocks.m"; sourceTree = "<group>"; };
		F0A64DA516593554009752E8 /* AudioToolbox.framework */ = {isa = PBXFileReference; lastKnownFileType = wrapper.framework; name = AudioToolbox.framework; path = System/Library/Frameworks/AudioToolbox.framework; sourceTree = SDKROOT; };
		F0A64DA81659356F009752E8 /* AVFoundation.framework */ = {isa = PBXFileReference; lastKnownFileType = wrapper.framework; name = AVFoundation.framework; path = System/Library/Frameworks/AVFoundation.framework; sourceTree = SDKROOT; };
		F0A6F03C167500CB0054E7B6 /* params_icon.png */ = {isa = PBXFileReference; lastKnownFileType = image.png; name = params_icon.png; path = ressources/params_icon.png; sourceTree = "<group>"; };
		F0A6F03D167500CB0054E7B6 /* params_icon@2x.png */ = {isa = PBXFileReference; lastKnownFileType = image.png; name = "params_icon@2x.png"; path = "ressources/params_icon@2x.png"; sourceTree = "<group>"; };
		F0A6F042167505C70054E7B6 /* qcm_icon.png */ = {isa = PBXFileReference; lastKnownFileType = image.png; name = qcm_icon.png; path = ressources/qcm_icon.png; sourceTree = "<group>"; };
		F0A6F043167505C70054E7B6 /* qcm_icon@2x.png */ = {isa = PBXFileReference; lastKnownFileType = image.png; name = "qcm_icon@2x.png"; path = "ressources/qcm_icon@2x.png"; sourceTree = "<group>"; };
		F0A6F04616750ABA0054E7B6 /* home_bkg.png */ = {isa = PBXFileReference; lastKnownFileType = image.png; name = home_bkg.png; path = ressources/home_bkg.png; sourceTree = "<group>"; };
		F0A6F04716750ABA0054E7B6 /* home_bkg@2x.png */ = {isa = PBXFileReference; lastKnownFileType = image.png; name = "home_bkg@2x.png"; path = "ressources/home_bkg@2x.png"; sourceTree = "<group>"; };
		F0A6F04A167512190054E7B6 /* btn_back.png */ = {isa = PBXFileReference; lastKnownFileType = image.png; name = btn_back.png; path = ressources/btn_back.png; sourceTree = "<group>"; };
		F0A6F04B167512190054E7B6 /* btn_back@2x.png */ = {isa = PBXFileReference; lastKnownFileType = image.png; name = "btn_back@2x.png"; path = "ressources/btn_back@2x.png"; sourceTree = "<group>"; };
		F0A6F04C167512190054E7B6 /* btn_next.png */ = {isa = PBXFileReference; lastKnownFileType = image.png; name = btn_next.png; path = ressources/btn_next.png; sourceTree = "<group>"; };
		F0A6F04D167512190054E7B6 /* btn_next@2x.png */ = {isa = PBXFileReference; lastKnownFileType = image.png; name = "btn_next@2x.png"; path = "ressources/btn_next@2x.png"; sourceTree = "<group>"; };
		F0A6F052167513030054E7B6 /* btn_back_over.png */ = {isa = PBXFileReference; lastKnownFileType = image.png; name = btn_back_over.png; path = ressources/btn_back_over.png; sourceTree = "<group>"; };
		F0A6F053167513030054E7B6 /* btn_back_over@2x.png */ = {isa = PBXFileReference; lastKnownFileType = image.png; name = "btn_back_over@2x.png"; path = "ressources/btn_back_over@2x.png"; sourceTree = "<group>"; };
		F0A6F054167513040054E7B6 /* btn_next_over.png */ = {isa = PBXFileReference; lastKnownFileType = image.png; name = btn_next_over.png; path = ressources/btn_next_over.png; sourceTree = "<group>"; };
		F0A6F055167513040054E7B6 /* btn_next_over@2x.png */ = {isa = PBXFileReference; lastKnownFileType = image.png; name = "btn_next_over@2x.png"; path = "ressources/btn_next_over@2x.png"; sourceTree = "<group>"; };
		F0A6F05A1675169C0054E7B6 /* btn_qcm_over.png */ = {isa = PBXFileReference; lastKnownFileType = image.png; name = btn_qcm_over.png; path = ressources/btn_qcm_over.png; sourceTree = "<group>"; };
		F0A6F05B1675169C0054E7B6 /* btn_qcm_over@2x.png */ = {isa = PBXFileReference; lastKnownFileType = image.png; name = "btn_qcm_over@2x.png"; path = "ressources/btn_qcm_over@2x.png"; sourceTree = "<group>"; };
		F0A6F05C1675169D0054E7B6 /* btn_qcm.png */ = {isa = PBXFileReference; lastKnownFileType = image.png; name = btn_qcm.png; path = ressources/btn_qcm.png; sourceTree = "<group>"; };
		F0A6F05D1675169D0054E7B6 /* btn_qcm@2x.png */ = {isa = PBXFileReference; lastKnownFileType = image.png; name = "btn_qcm@2x.png"; path = "ressources/btn_qcm@2x.png"; sourceTree = "<group>"; };
		F0CE9469163F2F87004F7E2B /* AppDelegate.h */ = {isa = PBXFileReference; fileEncoding = 4; lastKnownFileType = sourcecode.c.h; name = AppDelegate.h; path = classes/AppDelegate.h; sourceTree = "<group>"; };
		F0CE946A163F2F87004F7E2B /* AppDelegate.m */ = {isa = PBXFileReference; fileEncoding = 4; lastKnownFileType = sourcecode.c.objc; name = AppDelegate.m; path = classes/AppDelegate.m; sourceTree = "<group>"; };
		F0CE948D163F2F95004F7E2B /* ParametersCell.xib */ = {isa = PBXFileReference; fileEncoding = 4; lastKnownFileType = file.xib; name = ParametersCell.xib; path = ressources/ParametersCell.xib; sourceTree = "<group>"; };
		F0CE948E163F2F95004F7E2B /* LessonRandomKana.xib */ = {isa = PBXFileReference; fileEncoding = 4; lastKnownFileType = file.xib; name = LessonRandomKana.xib; path = ressources/LessonRandomKana.xib; sourceTree = "<group>"; };
		F0CE9490163F2F95004F7E2B /* Model.xcdatamodel */ = {isa = PBXFileReference; lastKnownFileType = wrapper.xcdatamodel; path = Model.xcdatamodel; sourceTree = "<group>"; };
		F0CE9491163F2F95004F7E2B /* ParametersKanaViewController.xib */ = {isa = PBXFileReference; fileEncoding = 4; lastKnownFileType = file.xib; name = ParametersKanaViewController.xib; path = ressources/ParametersKanaViewController.xib; sourceTree = "<group>"; };
		F0CE94CB164084A9004F7E2B /* Computer.h */ = {isa = PBXFileReference; fileEncoding = 4; lastKnownFileType = sourcecode.c.h; name = Computer.h; path = classes/Computer.h; sourceTree = "<group>"; };
		F0CE94CC164084B9004F7E2B /* Computer.m */ = {isa = PBXFileReference; fileEncoding = 4; lastKnownFileType = sourcecode.c.objc; name = Computer.m; path = classes/Computer.m; sourceTree = "<group>"; };
		F0CE94CD164084B9004F7E2B /* Kana.h */ = {isa = PBXFileReference; fileEncoding = 4; lastKnownFileType = sourcecode.c.h; name = Kana.h; path = classes/Kana.h; sourceTree = "<group>"; };
		F0CE94CE164084B9004F7E2B /* Kana.m */ = {isa = PBXFileReference; fileEncoding = 4; lastKnownFileType = sourcecode.c.objc; name = Kana.m; path = classes/Kana.m; sourceTree = "<group>"; };
		F0CE94CF164084B9004F7E2B /* KanaFlipView.h */ = {isa = PBXFileReference; fileEncoding = 4; lastKnownFileType = sourcecode.c.h; name = KanaFlipView.h; path = classes/KanaFlipView.h; sourceTree = "<group>"; };
		F0CE94D0164084B9004F7E2B /* KanaFlipView.m */ = {isa = PBXFileReference; fileEncoding = 4; lastKnownFileType = sourcecode.c.objc; name = KanaFlipView.m; path = classes/KanaFlipView.m; sourceTree = "<group>"; };
		F0CE94D1164084B9004F7E2B /* ParametersCell.h */ = {isa = PBXFileReference; fileEncoding = 4; lastKnownFileType = sourcecode.c.h; name = ParametersCell.h; path = classes/ParametersCell.h; sourceTree = "<group>"; };
		F0CE94D2164084B9004F7E2B /* ParametersCell.m */ = {isa = PBXFileReference; fileEncoding = 4; lastKnownFileType = sourcecode.c.objc; name = ParametersCell.m; path = classes/ParametersCell.m; sourceTree = "<group>"; };
		F0CE94D3164084B9004F7E2B /* Lesson.h */ = {isa = PBXFileReference; fileEncoding = 4; lastKnownFileType = sourcecode.c.h; name = Lesson.h; path = classes/Lesson.h; sourceTree = "<group>"; };
		F0CE94D4164084B9004F7E2B /* Lesson.m */ = {isa = PBXFileReference; fileEncoding = 4; lastKnownFileType = sourcecode.c.objc; name = Lesson.m; path = classes/Lesson.m; sourceTree = "<group>"; };
		F0CE94D5164084B9004F7E2B /* LessonCell.h */ = {isa = PBXFileReference; fileEncoding = 4; lastKnownFileType = sourcecode.c.h; name = LessonCell.h; path = classes/LessonCell.h; sourceTree = "<group>"; };
		F0CE94D6164084B9004F7E2B /* LessonCell.m */ = {isa = PBXFileReference; fileEncoding = 4; lastKnownFileType = sourcecode.c.objc; name = LessonCell.m; path = classes/LessonCell.m; sourceTree = "<group>"; };
		F0CE94D7164084B9004F7E2B /* LessonContainerController.h */ = {isa = PBXFileReference; fileEncoding = 4; lastKnownFileType = sourcecode.c.h; name = LessonContainerController.h; path = classes/LessonContainerController.h; sourceTree = "<group>"; };
		F0CE94D8164084B9004F7E2B /* LessonContainerController.m */ = {isa = PBXFileReference; fileEncoding = 4; lastKnownFileType = sourcecode.c.objc; name = LessonContainerController.m; path = classes/LessonContainerController.m; sourceTree = "<group>"; };
		F0CE94D9164084B9004F7E2B /* LessonRandomKana.h */ = {isa = PBXFileReference; fileEncoding = 4; lastKnownFileType = sourcecode.c.h; name = LessonRandomKana.h; path = classes/LessonRandomKana.h; sourceTree = "<group>"; };
		F0CE94DA164084B9004F7E2B /* LessonRandomKana.m */ = {isa = PBXFileReference; fileEncoding = 4; lastKnownFileType = sourcecode.c.objc; name = LessonRandomKana.m; path = classes/LessonRandomKana.m; sourceTree = "<group>"; };
		F0CE94DB164084B9004F7E2B /* MainViewController.h */ = {isa = PBXFileReference; fileEncoding = 4; lastKnownFileType = sourcecode.c.h; name = MainViewController.h; path = classes/MainViewController.h; sourceTree = "<group>"; };
		F0CE94DC164084B9004F7E2B /* MainViewController.m */ = {isa = PBXFileReference; fileEncoding = 4; lastKnownFileType = sourcecode.c.objc; name = MainViewController.m; path = classes/MainViewController.m; sourceTree = "<group>"; };
		F0CE94DD164084B9004F7E2B /* ParametersKanaViewController.h */ = {isa = PBXFileReference; fileEncoding = 4; lastKnownFileType = sourcecode.c.h; name = ParametersKanaViewController.h; path = classes/ParametersKanaViewController.h; sourceTree = "<group>"; };
		F0CE94DE164084B9004F7E2B /* ParametersKanaViewController.m */ = {isa = PBXFileReference; fileEncoding = 4; lastKnownFileType = sourcecode.c.objc; name = ParametersKanaViewController.m; path = classes/ParametersKanaViewController.m; sourceTree = "<group>"; };
/* End PBXFileReference section */

/* Begin PBXFrameworksBuildPhase section */
		F060E96C163C0A4B009C01E3 /* Frameworks */ = {
			isa = PBXFrameworksBuildPhase;
			buildActionMask = 2147483647;
			files = (
				F0A64DA91659356F009752E8 /* AVFoundation.framework in Frameworks */,
				F0A64DA616593554009752E8 /* AudioToolbox.framework in Frameworks */,
				F04C00B31642E33300EAF61D /* QuartzCore.framework in Frameworks */,
				F060E9B4163D5BB3009C01E3 /* CoreData.framework in Frameworks */,
				F060E974163C0A4B009C01E3 /* UIKit.framework in Frameworks */,
				F060E976163C0A4B009C01E3 /* Foundation.framework in Frameworks */,
				F060E978163C0A4B009C01E3 /* CoreGraphics.framework in Frameworks */,
				F04009721659365A0090AA18 /* OpenEars.framework in Frameworks */,
				F04009781659365A0090AA18 /* Slt.framework in Frameworks */,
			);
			runOnlyForDeploymentPostprocessing = 0;
		};
/* End PBXFrameworksBuildPhase section */

/* Begin PBXGroup section */
		F00D6F971674AF98001AF0B9 /* Categories */ = {
			isa = PBXGroup;
			children = (
				F08686DA167CBFDF009C0C8B /* NSTimer+Blocks.h */,
				F08686DB167CBFE0009C0C8B /* NSTimer+Blocks.m */,
				F00D6F991674AFB1001AF0B9 /* UIColor+RGB.h */,
				F00D6F9A1674AFB1001AF0B9 /* UIColor+RGB.m */,
				F08686D016793454009C0C8B /* UIViewController+overView.h */,
				F08686D116793454009C0C8B /* UIViewController+overView.m */,
				F08686D7167CBB1C009C0C8B /* UIView+Tags.h */,
				F08686D8167CBB1C009C0C8B /* UIView+Tags.m */,
			);
			name = Categories;
			sourceTree = "<group>";
		};
		F00D6F9C1674B029001AF0B9 /* images */ = {
			isa = PBXGroup;
			children = (
				F03603CC167DE7460003E2D3 /* aide_parametres.png */,
				F03603CD167DE7460003E2D3 /* aide_parametres@2x.png */,
				F03603BC167DE51F0003E2D3 /* aide_qcm.png */,
				F03603BD167DE51F0003E2D3 /* aide_qcm@2x.png */,
				F03603B8167DDE0A0003E2D3 /* aide_shuffle.png */,
				F03603B9167DDE0A0003E2D3 /* aide_shuffle@2x.png */,
				F08686C4167932B5009C0C8B /* qcm_hiragana_icon.png */,
				F08686C5167932B5009C0C8B /* qcm_hiragana_icon@2x.png */,
				F08686C6167932B5009C0C8B /* qcm_katakana_icon.png */,
				F08686C7167932B5009C0C8B /* qcm_katakana_icon@2x.png */,
				F08686C8167932B5009C0C8B /* qcm_romanji_icon.png */,
				F08686C9167932B5009C0C8B /* qcm_romanji_icon@2x.png */,
				F08686C01679315F009C0C8B /* title_scroll.png */,
				F08686C11679315F009C0C8B /* title_scroll@2x.png */,
				F08686A216791C08009C0C8B /* params_icon_over.png */,
				F08686A316791C08009C0C8B /* params_icon_over@2x.png */,
				F08686A616791C08009C0C8B /* shuffle_icon_over.png */,
				F08686A716791C08009C0C8B /* shuffle_icon_over@2x.png */,
				F08686A816791C08009C0C8B /* shuffle_kata_icon_over.png */,
				F08686A916791C08009C0C8B /* shuffle_kata_icon_over@2x.png */,
				F08686AA16791C08009C0C8B /* shuffle_romanji_icon_over.png */,
				F08686AB16791C08009C0C8B /* shuffle_romanji_icon_over@2x.png */,
				F08686AC16791C08009C0C8B /* shuffle_romanji_icon.png */,
				F08686AD16791C08009C0C8B /* shuffle_romanji_icon@2x.png */,
				F0A6F05A1675169C0054E7B6 /* btn_qcm_over.png */,
				F0A6F05B1675169C0054E7B6 /* btn_qcm_over@2x.png */,
				F0A6F05C1675169D0054E7B6 /* btn_qcm.png */,
				F0A6F05D1675169D0054E7B6 /* btn_qcm@2x.png */,
				F0A6F052167513030054E7B6 /* btn_back_over.png */,
				F0A6F053167513030054E7B6 /* btn_back_over@2x.png */,
				F0A6F054167513040054E7B6 /* btn_next_over.png */,
				F0A6F055167513040054E7B6 /* btn_next_over@2x.png */,
				F0A6F04A167512190054E7B6 /* btn_back.png */,
				F0A6F04B167512190054E7B6 /* btn_back@2x.png */,
				F0A6F04C167512190054E7B6 /* btn_next.png */,
				F0A6F04D167512190054E7B6 /* btn_next@2x.png */,
				F0A6F04616750ABA0054E7B6 /* home_bkg.png */,
				F0A6F04716750ABA0054E7B6 /* home_bkg@2x.png */,
				F0A6F042167505C70054E7B6 /* qcm_icon.png */,
				F0A6F043167505C70054E7B6 /* qcm_icon@2x.png */,
				F0A6F03C167500CB0054E7B6 /* params_icon.png */,
				F0A6F03D167500CB0054E7B6 /* params_icon@2x.png */,
				F00D6FB21674DCE7001AF0B9 /* shuffle_kata_icon.png */,
				F00D6FB31674DCE7001AF0B9 /* shuffle_kata_icon@2x.png */,
				F00D6FAC1674DA78001AF0B9 /* shuffle_icon.png */,
				F00D6FAD1674DA78001AF0B9 /* shuffle_icon@2x.png */,
				F00D6FA81674D5CF001AF0B9 /* boardcard.png */,
				F00D6FA91674D5CF001AF0B9 /* boardcard@2x.png */,
				F00D6FA31674D4D3001AF0B9 /* splashscreen.png */,
				F00D6FA41674D4D3001AF0B9 /* splashscreen@2x.png */,
				F061D980166BDD05007E7422 /* nekoneko_applications_alt.png */,
				F061D981166BDD05007E7422 /* nekoneko_applications_alt@2x.png */,
				F02D13791646AAE90093EAD0 /* tired-konata.jpeg */,
			);
			name = images;
			sourceTree = "<group>";
		};
		F00D6F9D1674B02E001AF0B9 /* ipad */ = {
			isa = PBXGroup;
			children = (
				F03603C1167DE6640003E2D3 /* helpParameters~ipad.xib */,
				F03603C3167DE6640003E2D3 /* helpQCM~ipad.xib */,
				F03603C5167DE6640003E2D3 /* helpRandom~ipad.xib */,
				F0679535164B154200347CF2 /* LessonQCMKana~ipad.xib */,
				F0679532164B10BE00347CF2 /* LessonRandomKana~ipad.xib */,
				F0679537164B187C00347CF2 /* ParametersKanaViewController~ipad.xib */,
				F060E98E163C0A4B009C01E3 /* MainStoryboard_iPad.storyboard */,
			);
			name = ipad;
			sourceTree = "<group>";
		};
		F00D6F9E1674B034001AF0B9 /* iphone */ = {
			isa = PBXGroup;
			children = (
				F0CE948D163F2F95004F7E2B /* ParametersCell.xib */,
				F02D13861647EA460093EAD0 /* LessonQCMKana.xib */,
				F0CE948E163F2F95004F7E2B /* LessonRandomKana.xib */,
				F0CE9491163F2F95004F7E2B /* ParametersKanaViewController.xib */,
				F060E98B163C0A4B009C01E3 /* MainStoryboard_iPhone.storyboard */,
				F03603C0167DE6640003E2D3 /* helpParameters.xib */,
				F03603C2167DE6640003E2D3 /* helpQCM.xib */,
				F03603C4167DE6640003E2D3 /* helpRandom.xib */,
			);
			name = iphone;
			sourceTree = "<group>";
		};
		F02D1388164836EC0093EAD0 /* PSTCollectionView */ = {
			isa = PBXGroup;
			children = (
				F00EEA5E1643293B006D21DA /* PSTGridLayoutSection.m */,
				F00EEA481643293B006D21DA /* PSTCollectionView.h */,
				F00EEA491643293B006D21DA /* PSTCollectionView.m */,
				F00EEA4A1643293B006D21DA /* PSTCollectionViewCell.h */,
				F00EEA4B1643293B006D21DA /* PSTCollectionViewCell.m */,
				F00EEA4C1643293B006D21DA /* PSTCollectionViewCommon.h */,
				F00EEA4D1643293B006D21DA /* PSTCollectionViewController.h */,
				F00EEA4E1643293B006D21DA /* PSTCollectionViewController.m */,
				F00EEA4F1643293B006D21DA /* PSTCollectionViewData.h */,
				F00EEA501643293B006D21DA /* PSTCollectionViewData.m */,
				F00EEA511643293B006D21DA /* PSTCollectionViewFlowLayout.h */,
				F00EEA521643293B006D21DA /* PSTCollectionViewFlowLayout.m */,
				F00EEA531643293B006D21DA /* PSTCollectionViewItemKey.h */,
				F00EEA541643293B006D21DA /* PSTCollectionViewItemKey.m */,
				F00EEA551643293B006D21DA /* PSTCollectionViewLayout.h */,
				F00EEA561643293B006D21DA /* PSTCollectionViewLayout.m */,
				F00EEA571643293B006D21DA /* PSTGridLayoutInfo.h */,
				F00EEA581643293B006D21DA /* PSTGridLayoutInfo.m */,
				F00EEA591643293B006D21DA /* PSTGridLayoutItem.h */,
				F00EEA5A1643293B006D21DA /* PSTGridLayoutItem.m */,
				F00EEA5B1643293B006D21DA /* PSTGridLayoutRow.h */,
				F00EEA5C1643293B006D21DA /* PSTGridLayoutRow.m */,
				F00EEA5D1643293B006D21DA /* PSTGridLayoutSection.h */,
			);
			name = PSTCollectionView;
			sourceTree = "<group>";
		};
		F02D13891648370F0093EAD0 /* categories */ = {
			isa = PBXGroup;
			children = (
				F02D138D164837750093EAD0 /* NSMutableArray+Shuffling.h */,
			);
			name = categories;
			sourceTree = "<group>";
		};
		F04009591659365A0090AA18 /* Framework */ = {
			isa = PBXGroup;
			children = (
				F040095A1659365A0090AA18 /* cmu07a.dic */,
				F040095B1659365A0090AA18 /* hub4wsj_sc_8k */,
				F04009631659365A0090AA18 /* OpenEars.framework */,
				F04009641659365A0090AA18 /* OpenEars1.dic */,
				F04009651659365A0090AA18 /* OpenEars1.gram */,
				F04009661659365A0090AA18 /* OpenEars1.languagemodel */,
				F04009671659365A0090AA18 /* OpenEars2.gram */,
				F04009681659365A0090AA18 /* OpenEarsCorpus.txt */,
				F04009691659365A0090AA18 /* Slt.framework */,
			);
			path = Framework;
			sourceTree = "<group>";
		};
		F040095B1659365A0090AA18 /* hub4wsj_sc_8k */ = {
			isa = PBXGroup;
			children = (
				F040095C1659365A0090AA18 /* feat.params */,
				F040095D1659365A0090AA18 /* mdef */,
				F040095E1659365A0090AA18 /* means */,
				F040095F1659365A0090AA18 /* noisedict */,
				F04009601659365A0090AA18 /* sendump */,
				F04009611659365A0090AA18 /* transition_matrices */,
				F04009621659365A0090AA18 /* variances */,
			);
			path = hub4wsj_sc_8k;
			sourceTree = "<group>";
		};
		F04C008E1642E19300EAF61D /* vendors */ = {
			isa = PBXGroup;
			children = (
				F00D6F971674AF98001AF0B9 /* Categories */,
				F04009591659365A0090AA18 /* Framework */,
				F02D13891648370F0093EAD0 /* categories */,
				F02D1388164836EC0093EAD0 /* PSTCollectionView */,
			);
			name = vendors;
			sourceTree = "<group>";
		};
		F060E964163C0A4B009C01E3 = {
			isa = PBXGroup;
			children = (
				F061D994167150B5007E7422 /* Default-568h@2x.png */,
				F061D992167150AC007E7422 /* Default@2x.png */,
				F061D990167150A0007E7422 /* Default.png */,
				F061D98A166BDD2E007E7422 /* nekosensei_kana_logo@2x.png */,
				F061D988166BDD26007E7422 /* nekosensei_kana_logo.png */,
				F0A64DA81659356F009752E8 /* AVFoundation.framework */,
				F0A64DA516593554009752E8 /* AudioToolbox.framework */,
				F04C00B21642E33300EAF61D /* QuartzCore.framework */,
				F060E979163C0A4B009C01E3 /* J'apprend le japonais */,
				F060E972163C0A4B009C01E3 /* Frameworks */,
				F060E970163C0A4B009C01E3 /* Products */,
			);
			sourceTree = "<group>";
		};
		F060E970163C0A4B009C01E3 /* Products */ = {
			isa = PBXGroup;
			children = (
				F060E96F163C0A4B009C01E3 /* J'apprend le japonais.app */,
			);
			name = Products;
			sourceTree = "<group>";
		};
		F060E972163C0A4B009C01E3 /* Frameworks */ = {
			isa = PBXGroup;
			children = (
				F060E9B3163D5BB3009C01E3 /* CoreData.framework */,
				F060E973163C0A4B009C01E3 /* UIKit.framework */,
				F060E975163C0A4B009C01E3 /* Foundation.framework */,
				F060E977163C0A4B009C01E3 /* CoreGraphics.framework */,
			);
			name = Frameworks;
			sourceTree = "<group>";
		};
		F060E979163C0A4B009C01E3 /* J'apprend le japonais */ = {
			isa = PBXGroup;
			children = (
				F0CE9468163F2F73004F7E2B /* classes */,
				F060E999163C0C3C009C01E3 /* ressources */,
				F060E97A163C0A4B009C01E3 /* Supporting Files */,
				F060E9B5163D5C03009C01E3 /* Model.xcdatamodeld */,
			);
			path = "J'apprend le japonais";
			sourceTree = "<group>";
		};
		F060E97A163C0A4B009C01E3 /* Supporting Files */ = {
			isa = PBXGroup;
			children = (
				F060E97B163C0A4B009C01E3 /* J'apprend le japonais-Info.plist */,
				F060E97C163C0A4B009C01E3 /* InfoPlist.strings */,
				F060E97F163C0A4B009C01E3 /* main.m */,
				F060E981163C0A4B009C01E3 /* J'apprend le japonais-Prefix.pch */,
			);
			name = "Supporting Files";
			sourceTree = "<group>";
		};
		F060E999163C0C3C009C01E3 /* ressources */ = {
			isa = PBXGroup;
			children = (
				F00D6F9E1674B034001AF0B9 /* iphone */,
				F00D6F9D1674B02E001AF0B9 /* ipad */,
				F00D6F9C1674B029001AF0B9 /* images */,
				F040097A165CBDDF0090AA18 /* epkyouka.ttf */,
				F0CE948F163F2F95004F7E2B /* Model.xcdatamodeld */,
			);
			name = ressources;
			sourceTree = "<group>";
		};
		F0CE9468163F2F73004F7E2B /* classes */ = {
			isa = PBXGroup;
			children = (
				F04C008E1642E19300EAF61D /* vendors */,
				F0CE949B163F2FD2004F7E2B /* controllers */,
				F0CE949C163F2FE6004F7E2B /* views */,
				F0CE949A163F2FBA004F7E2B /* model */,
				F0CE9499163F2FAC004F7E2B /* main */,
			);
			name = classes;
			sourceTree = "<group>";
		};
		F0CE9499163F2FAC004F7E2B /* main */ = {
			isa = PBXGroup;
			children = (
				F0CE9469163F2F87004F7E2B /* AppDelegate.h */,
				F0CE946A163F2F87004F7E2B /* AppDelegate.m */,
				F04009A9165D5C9F0090AA18 /* constant.h */,
			);
			name = main;
			sourceTree = "<group>";
		};
		F0CE949A163F2FBA004F7E2B /* model */ = {
			isa = PBXGroup;
			children = (
				F0CE94CB164084A9004F7E2B /* Computer.h */,
				F0CE94CC164084B9004F7E2B /* Computer.m */,
				F0CE94CD164084B9004F7E2B /* Kana.h */,
				F0CE94CE164084B9004F7E2B /* Kana.m */,
				F0CE94D3164084B9004F7E2B /* Lesson.h */,
				F0CE94D4164084B9004F7E2B /* Lesson.m */,
			);
			name = model;
			sourceTree = "<group>";
		};
		F0CE949B163F2FD2004F7E2B /* controllers */ = {
			isa = PBXGroup;
			children = (
				F0CE94D7164084B9004F7E2B /* LessonContainerController.h */,
				F0CE94D8164084B9004F7E2B /* LessonContainerController.m */,
				F0CE94DB164084B9004F7E2B /* MainViewController.h */,
				F0CE94DC164084B9004F7E2B /* MainViewController.m */,
				F0CE94DD164084B9004F7E2B /* ParametersKanaViewController.h */,
				F0CE94DE164084B9004F7E2B /* ParametersKanaViewController.m */,
				F0CE94D9164084B9004F7E2B /* LessonRandomKana.h */,
				F0CE94DA164084B9004F7E2B /* LessonRandomKana.m */,
				F02D13811647EA240093EAD0 /* LessonQCMKana.h */,
				F04009AF165D61480090AA18 /* LessonQCMKana.m */,
				F04009AC165D5FDF0090AA18 /* LessonControllerViewController.h */,
				F04009AD165D5FE00090AA18 /* LessonControllerViewController.m */,
				F08686BD16792898009C0C8B /* HelpViewController.h */,
				F08686BE16792898009C0C8B /* HelpViewController.m */,
			);
			name = controllers;
			sourceTree = "<group>";
		};
		F0CE949C163F2FE6004F7E2B /* views */ = {
			isa = PBXGroup;
			children = (
				F0CE94D1164084B9004F7E2B /* ParametersCell.h */,
				F0CE94D2164084B9004F7E2B /* ParametersCell.m */,
				F0CE94D5164084B9004F7E2B /* LessonCell.h */,
				F0CE94D6164084B9004F7E2B /* LessonCell.m */,
				F073AE0316431ACA00332D78 /* SectionLessonCell.h */,
				F073AE0416431ACA00332D78 /* SectionLessonCell.m */,
				F0400992165CC5050090AA18 /* KanaView.h */,
				F0400993165CC5050090AA18 /* KanaView.m */,
				F0CE94CF164084B9004F7E2B /* KanaFlipView.h */,
				F0CE94D0164084B9004F7E2B /* KanaFlipView.m */,
			);
			name = views;
			sourceTree = "<group>";
		};
/* End PBXGroup section */

/* Begin PBXNativeTarget section */
		F060E96E163C0A4B009C01E3 /* J'apprend le japonais */ = {
			isa = PBXNativeTarget;
			buildConfigurationList = F060E996163C0A4B009C01E3 /* Build configuration list for PBXNativeTarget "J'apprend le japonais" */;
			buildPhases = (
				F060E96B163C0A4B009C01E3 /* Sources */,
				F060E96C163C0A4B009C01E3 /* Frameworks */,
				F060E96D163C0A4B009C01E3 /* Resources */,
			);
			buildRules = (
			);
			dependencies = (
			);
			name = "J'apprend le japonais";
			productName = "J'apprend le japonais";
			productReference = F060E96F163C0A4B009C01E3 /* J'apprend le japonais.app */;
			productType = "com.apple.product-type.application";
		};
/* End PBXNativeTarget section */

/* Begin PBXProject section */
		F060E966163C0A4B009C01E3 /* Project object */ = {
			isa = PBXProject;
			attributes = {
				LastUpgradeCheck = 0450;
				ORGANIZATIONNAME = "Guillaume chave";
			};
			buildConfigurationList = F060E969163C0A4B009C01E3 /* Build configuration list for PBXProject "J'apprend le japonais" */;
			compatibilityVersion = "Xcode 3.2";
			developmentRegion = English;
			hasScannedForEncodings = 0;
			knownRegions = (
				en,
			);
			mainGroup = F060E964163C0A4B009C01E3;
			productRefGroup = F060E970163C0A4B009C01E3 /* Products */;
			projectDirPath = "";
			projectRoot = "";
			targets = (
				F060E96E163C0A4B009C01E3 /* J'apprend le japonais */,
			);
		};
/* End PBXProject section */

/* Begin PBXResourcesBuildPhase section */
		F060E96D163C0A4B009C01E3 /* Resources */ = {
			isa = PBXResourcesBuildPhase;
			buildActionMask = 2147483647;
			files = (
				F02D137C1646AFFA0093EAD0 /* MainStoryboard_iPhone.storyboard in Resources */,
				F02D137D1646AFFA0093EAD0 /* MainStoryboard_iPad.storyboard in Resources */,
				F02D137B1646AFDC0093EAD0 /* Model.xcdatamodeld in Resources */,
				F0CE94ED16408771004F7E2B /* MainViewController.m in Resources */,
				F0CE94C916408483004F7E2B /* AppDelegate.m in Resources */,
				F060E97E163C0A4B009C01E3 /* InfoPlist.strings in Resources */,
				F0CE9495163F2F95004F7E2B /* ParametersCell.xib in Resources */,
				F0CE9496163F2F95004F7E2B /* LessonRandomKana.xib in Resources */,
				F0CE9498163F2F95004F7E2B /* ParametersKanaViewController.xib in Resources */,
				F02D137A1646AAE90093EAD0 /* tired-konata.jpeg in Resources */,
				F02D13871647EA460093EAD0 /* LessonQCMKana.xib in Resources */,
				F0679533164B10BE00347CF2 /* LessonRandomKana~ipad.xib in Resources */,
				F0679536164B154200347CF2 /* LessonQCMKana~ipad.xib in Resources */,
				F0679538164B187C00347CF2 /* ParametersKanaViewController~ipad.xib in Resources */,
				F040096A1659365A0090AA18 /* cmu07a.dic in Resources */,
				F040096B1659365A0090AA18 /* feat.params in Resources */,
				F040096C1659365A0090AA18 /* mdef in Resources */,
				F040096D1659365A0090AA18 /* means in Resources */,
				F040096E1659365A0090AA18 /* noisedict in Resources */,
				F040096F1659365A0090AA18 /* sendump in Resources */,
				F04009701659365A0090AA18 /* transition_matrices in Resources */,
				F04009711659365A0090AA18 /* variances in Resources */,
				F04009731659365A0090AA18 /* OpenEars1.dic in Resources */,
				F04009741659365A0090AA18 /* OpenEars1.gram in Resources */,
				F04009751659365A0090AA18 /* OpenEars1.languagemodel in Resources */,
				F04009761659365A0090AA18 /* OpenEars2.gram in Resources */,
				F04009771659365A0090AA18 /* OpenEarsCorpus.txt in Resources */,
				F040097B165CBDDF0090AA18 /* epkyouka.ttf in Resources */,
				F061D984166BDD05007E7422 /* nekoneko_applications_alt.png in Resources */,
				F061D985166BDD05007E7422 /* nekoneko_applications_alt@2x.png in Resources */,
				F061D989166BDD26007E7422 /* nekosensei_kana_logo.png in Resources */,
				F061D98B166BDD2E007E7422 /* nekosensei_kana_logo@2x.png in Resources */,
				F061D993167150AD007E7422 /* Default@2x.png in Resources */,
				F00D6FA51674D4D3001AF0B9 /* splashscreen.png in Resources */,
				F00D6FA61674D4D3001AF0B9 /* splashscreen@2x.png in Resources */,
				F00D6FA71674D4E0001AF0B9 /* Default.png in Resources */,
				F00D6FAA1674D5D0001AF0B9 /* boardcard.png in Resources */,
				F00D6FAB1674D5D0001AF0B9 /* boardcard@2x.png in Resources */,
				F00D6FAE1674DA78001AF0B9 /* shuffle_icon.png in Resources */,
				F00D6FAF1674DA78001AF0B9 /* shuffle_icon@2x.png in Resources */,
				F00D6FB41674DCE7001AF0B9 /* shuffle_kata_icon.png in Resources */,
				F00D6FB51674DCE7001AF0B9 /* shuffle_kata_icon@2x.png in Resources */,
				F0A6F03E167500CB0054E7B6 /* params_icon.png in Resources */,
				F0A6F03F167500CB0054E7B6 /* params_icon@2x.png in Resources */,
				F0A6F044167505C70054E7B6 /* qcm_icon.png in Resources */,
				F0A6F045167505C70054E7B6 /* qcm_icon@2x.png in Resources */,
				F0A6F04816750ABA0054E7B6 /* home_bkg.png in Resources */,
				F0A6F04916750ABA0054E7B6 /* home_bkg@2x.png in Resources */,
				F0A6F04E167512190054E7B6 /* btn_back.png in Resources */,
				F0A6F04F167512190054E7B6 /* btn_back@2x.png in Resources */,
				F0A6F050167512190054E7B6 /* btn_next.png in Resources */,
				F0A6F051167512190054E7B6 /* btn_next@2x.png in Resources */,
				F0A6F056167513040054E7B6 /* btn_back_over.png in Resources */,
				F0A6F057167513040054E7B6 /* btn_back_over@2x.png in Resources */,
				F0A6F058167513040054E7B6 /* btn_next_over.png in Resources */,
				F0A6F059167513040054E7B6 /* btn_next_over@2x.png in Resources */,
				F0A6F05E1675169D0054E7B6 /* btn_qcm_over.png in Resources */,
				F0A6F05F1675169D0054E7B6 /* btn_qcm_over@2x.png in Resources */,
				F0A6F0601675169D0054E7B6 /* btn_qcm.png in Resources */,
				F0A6F0611675169D0054E7B6 /* btn_qcm@2x.png in Resources */,
				F08686AE16791C08009C0C8B /* params_icon_over.png in Resources */,
				F08686AF16791C08009C0C8B /* params_icon_over@2x.png in Resources */,
				F08686B216791C08009C0C8B /* shuffle_icon_over.png in Resources */,
				F08686B316791C08009C0C8B /* shuffle_icon_over@2x.png in Resources */,
				F08686B416791C08009C0C8B /* shuffle_kata_icon_over.png in Resources */,
				F08686B516791C08009C0C8B /* shuffle_kata_icon_over@2x.png in Resources */,
				F08686B616791C08009C0C8B /* shuffle_romanji_icon_over.png in Resources */,
				F08686B716791C08009C0C8B /* shuffle_romanji_icon_over@2x.png in Resources */,
				F08686B816791C08009C0C8B /* shuffle_romanji_icon.png in Resources */,
				F08686B916791C08009C0C8B /* shuffle_romanji_icon@2x.png in Resources */,
				F08686C21679315F009C0C8B /* title_scroll.png in Resources */,
				F08686C31679315F009C0C8B /* title_scroll@2x.png in Resources */,
				F08686CA167932B5009C0C8B /* qcm_hiragana_icon.png in Resources */,
				F08686CB167932B5009C0C8B /* qcm_hiragana_icon@2x.png in Resources */,
				F08686CC167932B5009C0C8B /* qcm_katakana_icon.png in Resources */,
				F08686CD167932B5009C0C8B /* qcm_katakana_icon@2x.png in Resources */,
				F08686CE167932B5009C0C8B /* qcm_romanji_icon.png in Resources */,
				F08686CF167932B5009C0C8B /* qcm_romanji_icon@2x.png in Resources */,
				F03603BA167DDE0A0003E2D3 /* aide_shuffle.png in Resources */,
				F03603BB167DDE0A0003E2D3 /* aide_shuffle@2x.png in Resources */,
				F03603BE167DE51F0003E2D3 /* aide_qcm.png in Resources */,
				F03603BF167DE51F0003E2D3 /* aide_qcm@2x.png in Resources */,
				F03603C6167DE6640003E2D3 /* helpParameters.xib in Resources */,
				F03603C7167DE6640003E2D3 /* helpParameters~ipad.xib in Resources */,
				F03603C8167DE6640003E2D3 /* helpQCM.xib in Resources */,
				F03603C9167DE6640003E2D3 /* helpQCM~ipad.xib in Resources */,
				F03603CA167DE6640003E2D3 /* helpRandom.xib in Resources */,
				F03603CB167DE6640003E2D3 /* helpRandom~ipad.xib in Resources */,
				F03603CE167DE7460003E2D3 /* aide_parametres.png in Resources */,
				F03603CF167DE7460003E2D3 /* aide_parametres@2x.png in Resources */,
			);
			runOnlyForDeploymentPostprocessing = 0;
		};
/* End PBXResourcesBuildPhase section */

/* Begin PBXSourcesBuildPhase section */
		F060E96B163C0A4B009C01E3 /* Sources */ = {
			isa = PBXSourcesBuildPhase;
			buildActionMask = 2147483647;
			files = (
				F0CE94E91640850B004F7E2B /* main.m in Sources */,
				F0CE94BE164082DC004F7E2B /* AppDelegate.m in Sources */,
				F0CE94DF164084B9004F7E2B /* Computer.m in Sources */,
				F0CE94E0164084B9004F7E2B /* Kana.m in Sources */,
				F0CE94E1164084B9004F7E2B /* KanaFlipView.m in Sources */,
				F0CE94E2164084B9004F7E2B /* ParametersCell.m in Sources */,
				F0CE94E3164084B9004F7E2B /* Lesson.m in Sources */,
				F0CE94E4164084B9004F7E2B /* LessonCell.m in Sources */,
				F0CE94E5164084B9004F7E2B /* LessonContainerController.m in Sources */,
				F0CE94E6164084B9004F7E2B /* LessonRandomKana.m in Sources */,
				F0CE94E8164084B9004F7E2B /* ParametersKanaViewController.m in Sources */,
				F0CE94EC164085B4004F7E2B /* MainViewController.m in Sources */,
				F073AE0516431ACB00332D78 /* SectionLessonCell.m in Sources */,
				F00EEA5F1643293B006D21DA /* PSTCollectionView.m in Sources */,
				F00EEA601643293B006D21DA /* PSTCollectionViewCell.m in Sources */,
				F00EEA611643293B006D21DA /* PSTCollectionViewController.m in Sources */,
				F00EEA621643293B006D21DA /* PSTCollectionViewData.m in Sources */,
				F00EEA631643293B006D21DA /* PSTCollectionViewFlowLayout.m in Sources */,
				F00EEA641643293B006D21DA /* PSTCollectionViewItemKey.m in Sources */,
				F00EEA651643293B006D21DA /* PSTCollectionViewLayout.m in Sources */,
				F00EEA661643293B006D21DA /* PSTGridLayoutInfo.m in Sources */,
				F00EEA671643293B006D21DA /* PSTGridLayoutItem.m in Sources */,
				F00EEA681643293B006D21DA /* PSTGridLayoutRow.m in Sources */,
				F00EEA691643293B006D21DA /* PSTGridLayoutSection.m in Sources */,
				F0400994165CC5050090AA18 /* KanaView.m in Sources */,
				F04009AE165D5FE10090AA18 /* LessonControllerViewController.m in Sources */,
				F04009B0165D61480090AA18 /* LessonQCMKana.m in Sources */,
				F00D6F9B1674AFB1001AF0B9 /* UIColor+RGB.m in Sources */,
				F08686BF16792898009C0C8B /* HelpViewController.m in Sources */,
				F08686D216793454009C0C8B /* UIViewController+overView.m in Sources */,
				F08686D9167CBB1D009C0C8B /* UIView+Tags.m in Sources */,
				F08686DC167CBFE0009C0C8B /* NSTimer+Blocks.m in Sources */,
			);
			runOnlyForDeploymentPostprocessing = 0;
		};
/* End PBXSourcesBuildPhase section */

/* Begin PBXVariantGroup section */
		F060E97C163C0A4B009C01E3 /* InfoPlist.strings */ = {
			isa = PBXVariantGroup;
			children = (
				F060E97D163C0A4B009C01E3 /* en */,
			);
			name = InfoPlist.strings;
			sourceTree = "<group>";
		};
		F060E98B163C0A4B009C01E3 /* MainStoryboard_iPhone.storyboard */ = {
			isa = PBXVariantGroup;
			children = (
				F060E98C163C0A4B009C01E3 /* en */,
			);
			name = MainStoryboard_iPhone.storyboard;
			sourceTree = "<group>";
		};
		F060E98E163C0A4B009C01E3 /* MainStoryboard_iPad.storyboard */ = {
			isa = PBXVariantGroup;
			children = (
				F060E98F163C0A4B009C01E3 /* en */,
			);
			name = MainStoryboard_iPad.storyboard;
			sourceTree = "<group>";
		};
/* End PBXVariantGroup section */

/* Begin XCBuildConfiguration section */
		F060E994163C0A4B009C01E3 /* Debug */ = {
			isa = XCBuildConfiguration;
			buildSettings = {
				ALWAYS_SEARCH_USER_PATHS = NO;
				CLANG_CXX_LANGUAGE_STANDARD = "gnu++0x";
				CLANG_CXX_LIBRARY = "libc++";
				CLANG_ENABLE_OBJC_ARC = YES;
				CLANG_WARN_EMPTY_BODY = YES;
				CLANG_WARN__DUPLICATE_METHOD_MATCH = YES;
				"CODE_SIGN_IDENTITY[sdk=iphoneos*]" = "iPhone Developer";
				COPY_PHASE_STRIP = NO;
				GCC_C_LANGUAGE_STANDARD = gnu99;
				GCC_DYNAMIC_NO_PIC = NO;
				GCC_OPTIMIZATION_LEVEL = 0;
				GCC_PREPROCESSOR_DEFINITIONS = (
					"DEBUG=1",
					"$(inherited)",
				);
				GCC_SYMBOLS_PRIVATE_EXTERN = NO;
				GCC_WARN_ABOUT_RETURN_TYPE = YES;
				GCC_WARN_UNINITIALIZED_AUTOS = YES;
				GCC_WARN_UNUSED_VARIABLE = YES;
				IPHONEOS_DEPLOYMENT_TARGET = 5.0;
				ONLY_ACTIVE_ARCH = YES;
				SDKROOT = iphoneos;
				TARGETED_DEVICE_FAMILY = "1,2";
			};
			name = Debug;
		};
		F060E995163C0A4B009C01E3 /* Release */ = {
			isa = XCBuildConfiguration;
			buildSettings = {
				ALWAYS_SEARCH_USER_PATHS = NO;
				CLANG_CXX_LANGUAGE_STANDARD = "gnu++0x";
				CLANG_CXX_LIBRARY = "libc++";
				CLANG_ENABLE_OBJC_ARC = YES;
				CLANG_WARN_EMPTY_BODY = YES;
				CLANG_WARN__DUPLICATE_METHOD_MATCH = YES;
				"CODE_SIGN_IDENTITY[sdk=iphoneos*]" = "iPhone Developer";
				COPY_PHASE_STRIP = YES;
				GCC_C_LANGUAGE_STANDARD = gnu99;
				GCC_WARN_ABOUT_RETURN_TYPE = YES;
				GCC_WARN_UNINITIALIZED_AUTOS = YES;
				GCC_WARN_UNUSED_VARIABLE = YES;
				IPHONEOS_DEPLOYMENT_TARGET = 5.0;
				OTHER_CFLAGS = "-DNS_BLOCK_ASSERTIONS=1";
				SDKROOT = iphoneos;
				TARGETED_DEVICE_FAMILY = "1,2";
				VALIDATE_PRODUCT = YES;
			};
			name = Release;
		};
		F060E997163C0A4B009C01E3 /* Debug */ = {
			isa = XCBuildConfiguration;
			buildSettings = {
				CODE_SIGN_IDENTITY = "iPhone Developer: Guillaume chave (BV76CP9635)";
				FRAMEWORK_SEARCH_PATHS = (
					"$(inherited)",
					"\"$(SRCROOT)/J'apprend le japonais/Framework\"",
				);
				GCC_PRECOMPILE_PREFIX_HEADER = YES;
				GCC_PREFIX_HEADER = "J'apprend le japonais/J'apprend le japonais-Prefix.pch";
				INFOPLIST_FILE = "J'apprend le japonais/J'apprend le japonais-Info.plist";
				IPHONEOS_DEPLOYMENT_TARGET = 5.0;
				PRODUCT_NAME = "$(TARGET_NAME)";
				PROVISIONING_PROFILE = "466929EA-DB48-444E-A58D-B900CFE1FF17";
				TARGETED_DEVICE_FAMILY = 1;
				WRAPPER_EXTENSION = app;
			};
			name = Debug;
		};
		F060E998163C0A4B009C01E3 /* Release */ = {
			isa = XCBuildConfiguration;
			buildSettings = {
				CODE_SIGN_IDENTITY = "iPhone Developer: Guillaume chave (BV76CP9635)";
				FRAMEWORK_SEARCH_PATHS = (
					"$(inherited)",
					"\"$(SRCROOT)/J'apprend le japonais/Framework\"",
				);
				GCC_PRECOMPILE_PREFIX_HEADER = YES;
				GCC_PREFIX_HEADER = "J'apprend le japonais/J'apprend le japonais-Prefix.pch";
				INFOPLIST_FILE = "J'apprend le japonais/J'apprend le japonais-Info.plist";
				IPHONEOS_DEPLOYMENT_TARGET = 5.0;
				PRODUCT_NAME = "$(TARGET_NAME)";
				PROVISIONING_PROFILE = "466929EA-DB48-444E-A58D-B900CFE1FF17";
				TARGETED_DEVICE_FAMILY = 1;
				WRAPPER_EXTENSION = app;
			};
			name = Release;
		};
/* End XCBuildConfiguration section */

/* Begin XCConfigurationList section */
		F060E969163C0A4B009C01E3 /* Build configuration list for PBXProject "J'apprend le japonais" */ = {
			isa = XCConfigurationList;
			buildConfigurations = (
				F060E994163C0A4B009C01E3 /* Debug */,
				F060E995163C0A4B009C01E3 /* Release */,
			);
			defaultConfigurationIsVisible = 0;
			defaultConfigurationName = Release;
		};
		F060E996163C0A4B009C01E3 /* Build configuration list for PBXNativeTarget "J'apprend le japonais" */ = {
			isa = XCConfigurationList;
			buildConfigurations = (
				F060E997163C0A4B009C01E3 /* Debug */,
				F060E998163C0A4B009C01E3 /* Release */,
			);
			defaultConfigurationIsVisible = 0;
			defaultConfigurationName = Release;
		};
/* End XCConfigurationList section */

/* Begin XCVersionGroup section */
		F060E9B5163D5C03009C01E3 /* Model.xcdatamodeld */ = {
			isa = XCVersionGroup;
			children = (
				F060E9B6163D5C03009C01E3 /* Model.xcdatamodel */,
			);
			currentVersion = F060E9B6163D5C03009C01E3 /* Model.xcdatamodel */;
			path = Model.xcdatamodeld;
			sourceTree = "<group>";
			versionGroupType = wrapper.xcdatamodel;
		};
		F0CE948F163F2F95004F7E2B /* Model.xcdatamodeld */ = {
			isa = XCVersionGroup;
			children = (
				F0CE9490163F2F95004F7E2B /* Model.xcdatamodel */,
			);
			currentVersion = F0CE9490163F2F95004F7E2B /* Model.xcdatamodel */;
			name = Model.xcdatamodeld;
			path = ressources/Model.xcdatamodeld;
			sourceTree = "<group>";
			versionGroupType = wrapper.xcdatamodel;
		};
/* End XCVersionGroup section */
	};
	rootObject = F060E966163C0A4B009C01E3 /* Project object */;
}
