// !$*UTF8*$!
{
	archiveVersion = 1;
	classes = {
	};
	objectVersion = 46;
	objects = {

/* Begin PBXBuildFile section */
		F060E974163C0A4B009C01E3 /* UIKit.framework in Frameworks */ = {isa = PBXBuildFile; fileRef = F060E973163C0A4B009C01E3 /* UIKit.framework */; };
		F060E976163C0A4B009C01E3 /* Foundation.framework in Frameworks */ = {isa = PBXBuildFile; fileRef = F060E975163C0A4B009C01E3 /* Foundation.framework */; };
		F060E978163C0A4B009C01E3 /* CoreGraphics.framework in Frameworks */ = {isa = PBXBuildFile; fileRef = F060E977163C0A4B009C01E3 /* CoreGraphics.framework */; };
		F060E97E163C0A4B009C01E3 /* InfoPlist.strings in Resources */ = {isa = PBXBuildFile; fileRef = F060E97C163C0A4B009C01E3 /* InfoPlist.strings */; };
		F060E980163C0A4B009C01E3 /* main.m in Sources */ = {isa = PBXBuildFile; fileRef = F060E97F163C0A4B009C01E3 /* main.m */; };
		F060E984163C0A4B009C01E3 /* AppDelegate.m in Sources */ = {isa = PBXBuildFile; fileRef = F060E983163C0A4B009C01E3 /* AppDelegate.m */; };
		F060E986163C0A4B009C01E3 /* Default.png in Resources */ = {isa = PBXBuildFile; fileRef = F060E985163C0A4B009C01E3 /* Default.png */; };
		F060E988163C0A4B009C01E3 /* Default@2x.png in Resources */ = {isa = PBXBuildFile; fileRef = F060E987163C0A4B009C01E3 /* Default@2x.png */; };
		F060E98A163C0A4B009C01E3 /* Default-568h@2x.png in Resources */ = {isa = PBXBuildFile; fileRef = F060E989163C0A4B009C01E3 /* Default-568h@2x.png */; };
		F060E98D163C0A4B009C01E3 /* MainStoryboard_iPhone.storyboard in Resources */ = {isa = PBXBuildFile; fileRef = F060E98B163C0A4B009C01E3 /* MainStoryboard_iPhone.storyboard */; };
		F060E990163C0A4B009C01E3 /* MainStoryboard_iPad.storyboard in Resources */ = {isa = PBXBuildFile; fileRef = F060E98E163C0A4B009C01E3 /* MainStoryboard_iPad.storyboard */; };
		F060E993163C0A4B009C01E3 /* MainController.m in Sources */ = {isa = PBXBuildFile; fileRef = F060E992163C0A4B009C01E3 /* MainController.m */; };
		F060E99F163C0D8F009C01E3 /* LessonCell.m in Sources */ = {isa = PBXBuildFile; fileRef = F060E99E163C0D8F009C01E3 /* LessonCell.m */; };
		F060E9A4163C1008009C01E3 /* Lesson.m in Sources */ = {isa = PBXBuildFile; fileRef = F060E9A3163C1008009C01E3 /* Lesson.m */; };
		F060E9AC163C1695009C01E3 /* LessonController.m in Sources */ = {isa = PBXBuildFile; fileRef = F060E9AA163C1695009C01E3 /* LessonController.m */; };
		F060E9B1163C1C1F009C01E3 /* LessonRandomHiragana.m in Sources */ = {isa = PBXBuildFile; fileRef = F060E9AF163C1C1F009C01E3 /* LessonRandomHiragana.m */; };
		F060E9B2163C1C1F009C01E3 /* LessonRandomHiragana.xib in Resources */ = {isa = PBXBuildFile; fileRef = F060E9B0163C1C1F009C01E3 /* LessonRandomHiragana.xib */; };
		F060E9B4163D5BB3009C01E3 /* CoreData.framework in Frameworks */ = {isa = PBXBuildFile; fileRef = F060E9B3163D5BB3009C01E3 /* CoreData.framework */; };
		F060E9B7163D5C03009C01E3 /* Model.xcdatamodeld in Sources */ = {isa = PBXBuildFile; fileRef = F060E9B5163D5C03009C01E3 /* Model.xcdatamodeld */; };
		F060E9C1163D6224009C01E3 /* Hiragana.m in Sources */ = {isa = PBXBuildFile; fileRef = F060E9C0163D6224009C01E3 /* Hiragana.m */; };
		F060E9C5163D67FD009C01E3 /* Computer.m in Sources */ = {isa = PBXBuildFile; fileRef = F060E9C4163D67FD009C01E3 /* Computer.m */; };
		F0CE945A163DCD8A004F7E2B /* ParametersHiraganaViewController.m in Sources */ = {isa = PBXBuildFile; fileRef = F0CE9458163DCD8A004F7E2B /* ParametersHiraganaViewController.m */; };
		F0CE945B163DCD8A004F7E2B /* ParametersHiraganaViewController.xib in Resources */ = {isa = PBXBuildFile; fileRef = F0CE9459163DCD8A004F7E2B /* ParametersHiraganaViewController.xib */; };
		F0CE945F163DD117004F7E2B /* JapanCell.m in Sources */ = {isa = PBXBuildFile; fileRef = F0CE945E163DD117004F7E2B /* JapanCell.m */; };
		F0CE9461163DD570004F7E2B /* JapanCell.xib in Resources */ = {isa = PBXBuildFile; fileRef = F0CE9460163DD570004F7E2B /* JapanCell.xib */; };
		F0CE9467163F21EB004F7E2B /* HiraganaFlipView.m in Sources */ = {isa = PBXBuildFile; fileRef = F0CE9466163F21EB004F7E2B /* HiraganaFlipView.m */; };
/* End PBXBuildFile section */

/* Begin PBXFileReference section */
		F060E96F163C0A4B009C01E3 /* J'apprend le japonais.app */ = {isa = PBXFileReference; explicitFileType = wrapper.application; includeInIndex = 0; path = "J'apprend le japonais.app"; sourceTree = BUILT_PRODUCTS_DIR; };
		F060E973163C0A4B009C01E3 /* UIKit.framework */ = {isa = PBXFileReference; lastKnownFileType = wrapper.framework; name = UIKit.framework; path = System/Library/Frameworks/UIKit.framework; sourceTree = SDKROOT; };
		F060E975163C0A4B009C01E3 /* Foundation.framework */ = {isa = PBXFileReference; lastKnownFileType = wrapper.framework; name = Foundation.framework; path = System/Library/Frameworks/Foundation.framework; sourceTree = SDKROOT; };
		F060E977163C0A4B009C01E3 /* CoreGraphics.framework */ = {isa = PBXFileReference; lastKnownFileType = wrapper.framework; name = CoreGraphics.framework; path = System/Library/Frameworks/CoreGraphics.framework; sourceTree = SDKROOT; };
		F060E97B163C0A4B009C01E3 /* J'apprend le japonais-Info.plist */ = {isa = PBXFileReference; lastKnownFileType = text.plist.xml; path = "J'apprend le japonais-Info.plist"; sourceTree = "<group>"; };
		F060E97D163C0A4B009C01E3 /* en */ = {isa = PBXFileReference; lastKnownFileType = text.plist.strings; name = en; path = en.lproj/InfoPlist.strings; sourceTree = "<group>"; };
		F060E97F163C0A4B009C01E3 /* main.m */ = {isa = PBXFileReference; lastKnownFileType = sourcecode.c.objc; path = main.m; sourceTree = "<group>"; };
		F060E981163C0A4B009C01E3 /* J'apprend le japonais-Prefix.pch */ = {isa = PBXFileReference; lastKnownFileType = sourcecode.c.h; path = "J'apprend le japonais-Prefix.pch"; sourceTree = "<group>"; };
		F060E982163C0A4B009C01E3 /* AppDelegate.h */ = {isa = PBXFileReference; lastKnownFileType = sourcecode.c.h; path = AppDelegate.h; sourceTree = "<group>"; };
		F060E983163C0A4B009C01E3 /* AppDelegate.m */ = {isa = PBXFileReference; lastKnownFileType = sourcecode.c.objc; path = AppDelegate.m; sourceTree = "<group>"; };
		F060E985163C0A4B009C01E3 /* Default.png */ = {isa = PBXFileReference; lastKnownFileType = image.png; path = Default.png; sourceTree = "<group>"; };
		F060E987163C0A4B009C01E3 /* Default@2x.png */ = {isa = PBXFileReference; lastKnownFileType = image.png; path = "Default@2x.png"; sourceTree = "<group>"; };
		F060E989163C0A4B009C01E3 /* Default-568h@2x.png */ = {isa = PBXFileReference; lastKnownFileType = image.png; path = "Default-568h@2x.png"; sourceTree = "<group>"; };
		F060E98C163C0A4B009C01E3 /* en */ = {isa = PBXFileReference; lastKnownFileType = file.storyboard; name = en; path = en.lproj/MainStoryboard_iPhone.storyboard; sourceTree = "<group>"; };
		F060E98F163C0A4B009C01E3 /* en */ = {isa = PBXFileReference; lastKnownFileType = file.storyboard; name = en; path = en.lproj/MainStoryboard_iPad.storyboard; sourceTree = "<group>"; };
		F060E991163C0A4B009C01E3 /* MainController.h */ = {isa = PBXFileReference; lastKnownFileType = sourcecode.c.h; path = MainController.h; sourceTree = "<group>"; };
		F060E992163C0A4B009C01E3 /* MainController.m */ = {isa = PBXFileReference; lastKnownFileType = sourcecode.c.objc; path = MainController.m; sourceTree = "<group>"; };
		F060E99D163C0D8F009C01E3 /* LessonCell.h */ = {isa = PBXFileReference; fileEncoding = 4; lastKnownFileType = sourcecode.c.h; name = LessonCell.h; path = cells/LessonCell.h; sourceTree = "<group>"; };
		F060E99E163C0D8F009C01E3 /* LessonCell.m */ = {isa = PBXFileReference; fileEncoding = 4; lastKnownFileType = sourcecode.c.objc; name = LessonCell.m; path = cells/LessonCell.m; sourceTree = "<group>"; };
		F060E9A2163C1008009C01E3 /* Lesson.h */ = {isa = PBXFileReference; fileEncoding = 4; lastKnownFileType = sourcecode.c.h; name = Lesson.h; path = model/Lesson.h; sourceTree = "<group>"; };
		F060E9A3163C1008009C01E3 /* Lesson.m */ = {isa = PBXFileReference; fileEncoding = 4; lastKnownFileType = sourcecode.c.objc; name = Lesson.m; path = model/Lesson.m; sourceTree = "<group>"; };
		F060E9A9163C1695009C01E3 /* LessonController.h */ = {isa = PBXFileReference; fileEncoding = 4; lastKnownFileType = sourcecode.c.h; name = LessonController.h; path = lessons/LessonController.h; sourceTree = "<group>"; };
		F060E9AA163C1695009C01E3 /* LessonController.m */ = {isa = PBXFileReference; fileEncoding = 4; lastKnownFileType = sourcecode.c.objc; name = LessonController.m; path = lessons/LessonController.m; sourceTree = "<group>"; };
		F060E9AE163C1C1F009C01E3 /* LessonRandomHiragana.h */ = {isa = PBXFileReference; fileEncoding = 4; lastKnownFileType = sourcecode.c.h; name = LessonRandomHiragana.h; path = lessons/LessonRandomHiragana.h; sourceTree = "<group>"; };
		F060E9AF163C1C1F009C01E3 /* LessonRandomHiragana.m */ = {isa = PBXFileReference; fileEncoding = 4; lastKnownFileType = sourcecode.c.objc; name = LessonRandomHiragana.m; path = lessons/LessonRandomHiragana.m; sourceTree = "<group>"; };
		F060E9B0163C1C1F009C01E3 /* LessonRandomHiragana.xib */ = {isa = PBXFileReference; fileEncoding = 4; lastKnownFileType = file.xib; name = LessonRandomHiragana.xib; path = lessons/LessonRandomHiragana.xib; sourceTree = "<group>"; };
		F060E9B3163D5BB3009C01E3 /* CoreData.framework */ = {isa = PBXFileReference; lastKnownFileType = wrapper.framework; name = CoreData.framework; path = System/Library/Frameworks/CoreData.framework; sourceTree = SDKROOT; };
		F060E9B6163D5C03009C01E3 /* Model.xcdatamodel */ = {isa = PBXFileReference; lastKnownFileType = wrapper.xcdatamodel; path = Model.xcdatamodel; sourceTree = "<group>"; };
		F060E9BF163D6223009C01E3 /* Hiragana.h */ = {isa = PBXFileReference; fileEncoding = 4; lastKnownFileType = sourcecode.c.h; name = Hiragana.h; path = model/Hiragana.h; sourceTree = "<group>"; };
		F060E9C0163D6224009C01E3 /* Hiragana.m */ = {isa = PBXFileReference; fileEncoding = 4; lastKnownFileType = sourcecode.c.objc; name = Hiragana.m; path = model/Hiragana.m; sourceTree = "<group>"; };
		F060E9C3163D67FD009C01E3 /* Computer.h */ = {isa = PBXFileReference; fileEncoding = 4; lastKnownFileType = sourcecode.c.h; path = Computer.h; sourceTree = "<group>"; };
		F060E9C4163D67FD009C01E3 /* Computer.m */ = {isa = PBXFileReference; fileEncoding = 4; lastKnownFileType = sourcecode.c.objc; path = Computer.m; sourceTree = "<group>"; };
		F0CE9457163DCD8A004F7E2B /* ParametersHiraganaViewController.h */ = {isa = PBXFileReference; fileEncoding = 4; lastKnownFileType = sourcecode.c.h; path = ParametersHiraganaViewController.h; sourceTree = "<group>"; };
		F0CE9458163DCD8A004F7E2B /* ParametersHiraganaViewController.m */ = {isa = PBXFileReference; fileEncoding = 4; lastKnownFileType = sourcecode.c.objc; path = ParametersHiraganaViewController.m; sourceTree = "<group>"; };
		F0CE9459163DCD8A004F7E2B /* ParametersHiraganaViewController.xib */ = {isa = PBXFileReference; fileEncoding = 4; lastKnownFileType = file.xib; path = ParametersHiraganaViewController.xib; sourceTree = "<group>"; };
		F0CE945D163DD117004F7E2B /* JapanCell.h */ = {isa = PBXFileReference; fileEncoding = 4; lastKnownFileType = sourcecode.c.h; name = JapanCell.h; path = cells/JapanCell.h; sourceTree = "<group>"; };
		F0CE945E163DD117004F7E2B /* JapanCell.m */ = {isa = PBXFileReference; fileEncoding = 4; lastKnownFileType = sourcecode.c.objc; name = JapanCell.m; path = cells/JapanCell.m; sourceTree = "<group>"; };
		F0CE9460163DD570004F7E2B /* JapanCell.xib */ = {isa = PBXFileReference; fileEncoding = 4; lastKnownFileType = file.xib; path = JapanCell.xib; sourceTree = "<group>"; };
		F0CE9465163F21EB004F7E2B /* HiraganaFlipView.h */ = {isa = PBXFileReference; fileEncoding = 4; lastKnownFileType = sourcecode.c.h; path = HiraganaFlipView.h; sourceTree = "<group>"; };
		F0CE9466163F21EB004F7E2B /* HiraganaFlipView.m */ = {isa = PBXFileReference; fileEncoding = 4; lastKnownFileType = sourcecode.c.objc; path = HiraganaFlipView.m; sourceTree = "<group>"; };
/* End PBXFileReference section */

/* Begin PBXFrameworksBuildPhase section */
		F060E96C163C0A4B009C01E3 /* Frameworks */ = {
			isa = PBXFrameworksBuildPhase;
			buildActionMask = 2147483647;
			files = (
				F060E9B4163D5BB3009C01E3 /* CoreData.framework in Frameworks */,
				F060E974163C0A4B009C01E3 /* UIKit.framework in Frameworks */,
				F060E976163C0A4B009C01E3 /* Foundation.framework in Frameworks */,
				F060E978163C0A4B009C01E3 /* CoreGraphics.framework in Frameworks */,
			);
			runOnlyForDeploymentPostprocessing = 0;
		};
/* End PBXFrameworksBuildPhase section */

/* Begin PBXGroup section */
		F060E964163C0A4B009C01E3 = {
			isa = PBXGroup;
			children = (
				F060E979163C0A4B009C01E3 /* J'apprend le japonais */,
				F060E972163C0A4B009C01E3 /* Frameworks */,
				F060E970163C0A4B009C01E3 /* Products */,
			);
			sourceTree = "<group>";
		};
		F060E970163C0A4B009C01E3 /* Products */ = {
			isa = PBXGroup;
			children = (
				F060E96F163C0A4B009C01E3 /* J'apprend le japonais.app */,
			);
			name = Products;
			sourceTree = "<group>";
		};
		F060E972163C0A4B009C01E3 /* Frameworks */ = {
			isa = PBXGroup;
			children = (
				F060E9B3163D5BB3009C01E3 /* CoreData.framework */,
				F060E973163C0A4B009C01E3 /* UIKit.framework */,
				F060E975163C0A4B009C01E3 /* Foundation.framework */,
				F060E977163C0A4B009C01E3 /* CoreGraphics.framework */,
			);
			name = Frameworks;
			sourceTree = "<group>";
		};
		F060E979163C0A4B009C01E3 /* J'apprend le japonais */ = {
			isa = PBXGroup;
			children = (
				F060E999163C0C3C009C01E3 /* ressources */,
				F060E982163C0A4B009C01E3 /* AppDelegate.h */,
				F060E983163C0A4B009C01E3 /* AppDelegate.m */,
				F060E98B163C0A4B009C01E3 /* MainStoryboard_iPhone.storyboard */,
				F060E98E163C0A4B009C01E3 /* MainStoryboard_iPad.storyboard */,
				F060E97A163C0A4B009C01E3 /* Supporting Files */,
				F060E9B5163D5C03009C01E3 /* Model.xcdatamodeld */,
			);
			path = "J'apprend le japonais";
			sourceTree = "<group>";
		};
		F060E97A163C0A4B009C01E3 /* Supporting Files */ = {
			isa = PBXGroup;
			children = (
				F060E97B163C0A4B009C01E3 /* J'apprend le japonais-Info.plist */,
				F060E97C163C0A4B009C01E3 /* InfoPlist.strings */,
				F060E97F163C0A4B009C01E3 /* main.m */,
				F060E981163C0A4B009C01E3 /* J'apprend le japonais-Prefix.pch */,
				F060E985163C0A4B009C01E3 /* Default.png */,
				F060E987163C0A4B009C01E3 /* Default@2x.png */,
				F060E989163C0A4B009C01E3 /* Default-568h@2x.png */,
			);
			name = "Supporting Files";
			sourceTree = "<group>";
		};
		F060E999163C0C3C009C01E3 /* ressources */ = {
			isa = PBXGroup;
			children = (
				F060E9A5163C1636009C01E3 /* controllers */,
				F060E9A1163C0FE4009C01E3 /* model */,
				F060E99A163C0C43009C01E3 /* views */,
			);
			name = ressources;
			sourceTree = "<group>";
		};
		F060E99A163C0C43009C01E3 /* views */ = {
			isa = PBXGroup;
			children = (
				F060E9A0163C0FD5009C01E3 /* cells */,
				F060E9B0163C1C1F009C01E3 /* LessonRandomHiragana.xib */,
				F0CE9459163DCD8A004F7E2B /* ParametersHiraganaViewController.xib */,
				F0CE9465163F21EB004F7E2B /* HiraganaFlipView.h */,
				F0CE9466163F21EB004F7E2B /* HiraganaFlipView.m */,
			);
			name = views;
			sourceTree = "<group>";
		};
		F060E9A0163C0FD5009C01E3 /* cells */ = {
			isa = PBXGroup;
			children = (
				F060E99D163C0D8F009C01E3 /* LessonCell.h */,
				F060E99E163C0D8F009C01E3 /* LessonCell.m */,
				F0CE945D163DD117004F7E2B /* JapanCell.h */,
				F0CE945E163DD117004F7E2B /* JapanCell.m */,
				F0CE9460163DD570004F7E2B /* JapanCell.xib */,
			);
			name = cells;
			sourceTree = "<group>";
		};
		F060E9A1163C0FE4009C01E3 /* model */ = {
			isa = PBXGroup;
			children = (
				F060E9C2163D6234009C01E3 /* base */,
				F060E9C3163D67FD009C01E3 /* Computer.h */,
				F060E9C4163D67FD009C01E3 /* Computer.m */,
				F060E9A2163C1008009C01E3 /* Lesson.h */,
				F060E9A3163C1008009C01E3 /* Lesson.m */,
			);
			name = model;
			sourceTree = "<group>";
		};
		F060E9A5163C1636009C01E3 /* controllers */ = {
			isa = PBXGroup;
			children = (
				F060E991163C0A4B009C01E3 /* MainController.h */,
				F060E992163C0A4B009C01E3 /* MainController.m */,
				F060E9A9163C1695009C01E3 /* LessonController.h */,
				F060E9AA163C1695009C01E3 /* LessonController.m */,
				F0CE9457163DCD8A004F7E2B /* ParametersHiraganaViewController.h */,
				F0CE9458163DCD8A004F7E2B /* ParametersHiraganaViewController.m */,
				F060E9AE163C1C1F009C01E3 /* LessonRandomHiragana.h */,
				F060E9AF163C1C1F009C01E3 /* LessonRandomHiragana.m */,
			);
			name = controllers;
			sourceTree = "<group>";
		};
		F060E9C2163D6234009C01E3 /* base */ = {
			isa = PBXGroup;
			children = (
				F060E9BF163D6223009C01E3 /* Hiragana.h */,
				F060E9C0163D6224009C01E3 /* Hiragana.m */,
			);
			name = base;
			sourceTree = "<group>";
		};
/* End PBXGroup section */

/* Begin PBXNativeTarget section */
		F060E96E163C0A4B009C01E3 /* J'apprend le japonais */ = {
			isa = PBXNativeTarget;
			buildConfigurationList = F060E996163C0A4B009C01E3 /* Build configuration list for PBXNativeTarget "J'apprend le japonais" */;
			buildPhases = (
				F060E96B163C0A4B009C01E3 /* Sources */,
				F060E96C163C0A4B009C01E3 /* Frameworks */,
				F060E96D163C0A4B009C01E3 /* Resources */,
			);
			buildRules = (
			);
			dependencies = (
			);
			name = "J'apprend le japonais";
			productName = "J'apprend le japonais";
			productReference = F060E96F163C0A4B009C01E3 /* J'apprend le japonais.app */;
			productType = "com.apple.product-type.application";
		};
/* End PBXNativeTarget section */

/* Begin PBXProject section */
		F060E966163C0A4B009C01E3 /* Project object */ = {
			isa = PBXProject;
			attributes = {
				LastUpgradeCheck = 0450;
				ORGANIZATIONNAME = "Guillaume chave";
			};
			buildConfigurationList = F060E969163C0A4B009C01E3 /* Build configuration list for PBXProject "J'apprend le japonais" */;
			compatibilityVersion = "Xcode 3.2";
			developmentRegion = English;
			hasScannedForEncodings = 0;
			knownRegions = (
				en,
			);
			mainGroup = F060E964163C0A4B009C01E3;
			productRefGroup = F060E970163C0A4B009C01E3 /* Products */;
			projectDirPath = "";
			projectRoot = "";
			targets = (
				F060E96E163C0A4B009C01E3 /* J'apprend le japonais */,
			);
		};
/* End PBXProject section */

/* Begin PBXResourcesBuildPhase section */
		F060E96D163C0A4B009C01E3 /* Resources */ = {
			isa = PBXResourcesBuildPhase;
			buildActionMask = 2147483647;
			files = (
				F060E97E163C0A4B009C01E3 /* InfoPlist.strings in Resources */,
				F060E986163C0A4B009C01E3 /* Default.png in Resources */,
				F060E988163C0A4B009C01E3 /* Default@2x.png in Resources */,
				F060E98A163C0A4B009C01E3 /* Default-568h@2x.png in Resources */,
				F060E98D163C0A4B009C01E3 /* MainStoryboard_iPhone.storyboard in Resources */,
				F060E990163C0A4B009C01E3 /* MainStoryboard_iPad.storyboard in Resources */,
				F060E9B2163C1C1F009C01E3 /* LessonRandomHiragana.xib in Resources */,
				F0CE945B163DCD8A004F7E2B /* ParametersHiraganaViewController.xib in Resources */,
				F0CE9461163DD570004F7E2B /* JapanCell.xib in Resources */,
			);
			runOnlyForDeploymentPostprocessing = 0;
		};
/* End PBXResourcesBuildPhase section */

/* Begin PBXSourcesBuildPhase section */
		F060E96B163C0A4B009C01E3 /* Sources */ = {
			isa = PBXSourcesBuildPhase;
			buildActionMask = 2147483647;
			files = (
				F060E980163C0A4B009C01E3 /* main.m in Sources */,
				F060E984163C0A4B009C01E3 /* AppDelegate.m in Sources */,
				F060E993163C0A4B009C01E3 /* MainController.m in Sources */,
				F060E99F163C0D8F009C01E3 /* LessonCell.m in Sources */,
				F060E9A4163C1008009C01E3 /* Lesson.m in Sources */,
				F060E9AC163C1695009C01E3 /* LessonController.m in Sources */,
				F060E9B1163C1C1F009C01E3 /* LessonRandomHiragana.m in Sources */,
				F060E9B7163D5C03009C01E3 /* Model.xcdatamodeld in Sources */,
				F060E9C1163D6224009C01E3 /* Hiragana.m in Sources */,
				F060E9C5163D67FD009C01E3 /* Computer.m in Sources */,
				F0CE945A163DCD8A004F7E2B /* ParametersHiraganaViewController.m in Sources */,
				F0CE945F163DD117004F7E2B /* JapanCell.m in Sources */,
				F0CE9467163F21EB004F7E2B /* HiraganaFlipView.m in Sources */,
			);
			runOnlyForDeploymentPostprocessing = 0;
		};
/* End PBXSourcesBuildPhase section */

/* Begin PBXVariantGroup section */
		F060E97C163C0A4B009C01E3 /* InfoPlist.strings */ = {
			isa = PBXVariantGroup;
			children = (
				F060E97D163C0A4B009C01E3 /* en */,
			);
			name = InfoPlist.strings;
			sourceTree = "<group>";
		};
		F060E98B163C0A4B009C01E3 /* MainStoryboard_iPhone.storyboard */ = {
			isa = PBXVariantGroup;
			children = (
				F060E98C163C0A4B009C01E3 /* en */,
			);
			name = MainStoryboard_iPhone.storyboard;
			sourceTree = "<group>";
		};
		F060E98E163C0A4B009C01E3 /* MainStoryboard_iPad.storyboard */ = {
			isa = PBXVariantGroup;
			children = (
				F060E98F163C0A4B009C01E3 /* en */,
			);
			name = MainStoryboard_iPad.storyboard;
			sourceTree = "<group>";
		};
/* End PBXVariantGroup section */

/* Begin XCBuildConfiguration section */
		F060E994163C0A4B009C01E3 /* Debug */ = {
			isa = XCBuildConfiguration;
			buildSettings = {
				ALWAYS_SEARCH_USER_PATHS = NO;
				CLANG_CXX_LANGUAGE_STANDARD = "gnu++0x";
				CLANG_CXX_LIBRARY = "libc++";
				CLANG_ENABLE_OBJC_ARC = YES;
				CLANG_WARN_EMPTY_BODY = YES;
				CLANG_WARN__DUPLICATE_METHOD_MATCH = YES;
				"CODE_SIGN_IDENTITY[sdk=iphoneos*]" = "iPhone Developer";
				COPY_PHASE_STRIP = NO;
				GCC_C_LANGUAGE_STANDARD = gnu99;
				GCC_DYNAMIC_NO_PIC = NO;
				GCC_OPTIMIZATION_LEVEL = 0;
				GCC_PREPROCESSOR_DEFINITIONS = (
					"DEBUG=1",
					"$(inherited)",
				);
				GCC_SYMBOLS_PRIVATE_EXTERN = NO;
				GCC_WARN_ABOUT_RETURN_TYPE = YES;
				GCC_WARN_UNINITIALIZED_AUTOS = YES;
				GCC_WARN_UNUSED_VARIABLE = YES;
				IPHONEOS_DEPLOYMENT_TARGET = 6.0;
				ONLY_ACTIVE_ARCH = YES;
				SDKROOT = iphoneos;
				TARGETED_DEVICE_FAMILY = "1,2";
			};
			name = Debug;
		};
		F060E995163C0A4B009C01E3 /* Release */ = {
			isa = XCBuildConfiguration;
			buildSettings = {
				ALWAYS_SEARCH_USER_PATHS = NO;
				CLANG_CXX_LANGUAGE_STANDARD = "gnu++0x";
				CLANG_CXX_LIBRARY = "libc++";
				CLANG_ENABLE_OBJC_ARC = YES;
				CLANG_WARN_EMPTY_BODY = YES;
				CLANG_WARN__DUPLICATE_METHOD_MATCH = YES;
				"CODE_SIGN_IDENTITY[sdk=iphoneos*]" = "iPhone Developer";
				COPY_PHASE_STRIP = YES;
				GCC_C_LANGUAGE_STANDARD = gnu99;
				GCC_WARN_ABOUT_RETURN_TYPE = YES;
				GCC_WARN_UNINITIALIZED_AUTOS = YES;
				GCC_WARN_UNUSED_VARIABLE = YES;
				IPHONEOS_DEPLOYMENT_TARGET = 6.0;
				OTHER_CFLAGS = "-DNS_BLOCK_ASSERTIONS=1";
				SDKROOT = iphoneos;
				TARGETED_DEVICE_FAMILY = "1,2";
				VALIDATE_PRODUCT = YES;
			};
			name = Release;
		};
		F060E997163C0A4B009C01E3 /* Debug */ = {
			isa = XCBuildConfiguration;
			buildSettings = {
				GCC_PRECOMPILE_PREFIX_HEADER = YES;
				GCC_PREFIX_HEADER = "J'apprend le japonais/J'apprend le japonais-Prefix.pch";
				INFOPLIST_FILE = "J'apprend le japonais/J'apprend le japonais-Info.plist";
				PRODUCT_NAME = "$(TARGET_NAME)";
				WRAPPER_EXTENSION = app;
			};
			name = Debug;
		};
		F060E998163C0A4B009C01E3 /* Release */ = {
			isa = XCBuildConfiguration;
			buildSettings = {
				GCC_PRECOMPILE_PREFIX_HEADER = YES;
				GCC_PREFIX_HEADER = "J'apprend le japonais/J'apprend le japonais-Prefix.pch";
				INFOPLIST_FILE = "J'apprend le japonais/J'apprend le japonais-Info.plist";
				PRODUCT_NAME = "$(TARGET_NAME)";
				WRAPPER_EXTENSION = app;
			};
			name = Release;
		};
/* End XCBuildConfiguration section */

/* Begin XCConfigurationList section */
		F060E969163C0A4B009C01E3 /* Build configuration list for PBXProject "J'apprend le japonais" */ = {
			isa = XCConfigurationList;
			buildConfigurations = (
				F060E994163C0A4B009C01E3 /* Debug */,
				F060E995163C0A4B009C01E3 /* Release */,
			);
			defaultConfigurationIsVisible = 0;
			defaultConfigurationName = Release;
		};
		F060E996163C0A4B009C01E3 /* Build configuration list for PBXNativeTarget "J'apprend le japonais" */ = {
			isa = XCConfigurationList;
			buildConfigurations = (
				F060E997163C0A4B009C01E3 /* Debug */,
				F060E998163C0A4B009C01E3 /* Release */,
			);
			defaultConfigurationIsVisible = 0;
			defaultConfigurationName = Release;
		};
/* End XCConfigurationList section */

/* Begin XCVersionGroup section */
		F060E9B5163D5C03009C01E3 /* Model.xcdatamodeld */ = {
			isa = XCVersionGroup;
			children = (
				F060E9B6163D5C03009C01E3 /* Model.xcdatamodel */,
			);
			currentVersion = F060E9B6163D5C03009C01E3 /* Model.xcdatamodel */;
			path = Model.xcdatamodeld;
			sourceTree = "<group>";
			versionGroupType = wrapper.xcdatamodel;
		};
/* End XCVersionGroup section */
	};
	rootObject = F060E966163C0A4B009C01E3 /* Project object */;
}
