// !$*UTF8*$!
{
	archiveVersion = 1;
	classes = {
	};
	objectVersion = 46;
	objects = {

/* Begin PBXBuildFile section */
		F060E974163C0A4B009C01E3 /* UIKit.framework in Frameworks */ = {isa = PBXBuildFile; fileRef = F060E973163C0A4B009C01E3 /* UIKit.framework */; };
		F060E976163C0A4B009C01E3 /* Foundation.framework in Frameworks */ = {isa = PBXBuildFile; fileRef = F060E975163C0A4B009C01E3 /* Foundation.framework */; };
		F060E978163C0A4B009C01E3 /* CoreGraphics.framework in Frameworks */ = {isa = PBXBuildFile; fileRef = F060E977163C0A4B009C01E3 /* CoreGraphics.framework */; };
		F060E97E163C0A4B009C01E3 /* InfoPlist.strings in Resources */ = {isa = PBXBuildFile; fileRef = F060E97C163C0A4B009C01E3 /* InfoPlist.strings */; };
		F060E980163C0A4B009C01E3 /* main.m in Sources */ = {isa = PBXBuildFile; fileRef = F060E97F163C0A4B009C01E3 /* main.m */; };
		F060E98D163C0A4B009C01E3 /* MainStoryboard_iPhone.storyboard in Resources */ = {isa = PBXBuildFile; fileRef = F060E98B163C0A4B009C01E3 /* MainStoryboard_iPhone.storyboard */; };
		F060E990163C0A4B009C01E3 /* MainStoryboard_iPad.storyboard in Resources */ = {isa = PBXBuildFile; fileRef = F060E98E163C0A4B009C01E3 /* MainStoryboard_iPad.storyboard */; };
		F060E9B4163D5BB3009C01E3 /* CoreData.framework in Frameworks */ = {isa = PBXBuildFile; fileRef = F060E9B3163D5BB3009C01E3 /* CoreData.framework */; };
		F060E9B7163D5C03009C01E3 /* Model.xcdatamodeld in Sources */ = {isa = PBXBuildFile; fileRef = F060E9B5163D5C03009C01E3 /* Model.xcdatamodeld */; };
		F0CE947F163F2F87004F7E2B /* AppDelegate.m in Sources */ = {isa = PBXBuildFile; fileRef = F0CE946A163F2F87004F7E2B /* AppDelegate.m */; };
		F0CE9480163F2F87004F7E2B /* Computer.m in Sources */ = {isa = PBXBuildFile; fileRef = F0CE946C163F2F87004F7E2B /* Computer.m */; };
		F0CE9481163F2F87004F7E2B /* Hiragana.m in Sources */ = {isa = PBXBuildFile; fileRef = F0CE946E163F2F87004F7E2B /* Hiragana.m */; };
		F0CE9482163F2F87004F7E2B /* HiraganaFlipView.m in Sources */ = {isa = PBXBuildFile; fileRef = F0CE9470163F2F87004F7E2B /* HiraganaFlipView.m */; };
		F0CE9483163F2F87004F7E2B /* JapanCell.m in Sources */ = {isa = PBXBuildFile; fileRef = F0CE9472163F2F87004F7E2B /* JapanCell.m */; };
		F0CE9484163F2F87004F7E2B /* Lesson.m in Sources */ = {isa = PBXBuildFile; fileRef = F0CE9474163F2F87004F7E2B /* Lesson.m */; };
		F0CE9485163F2F87004F7E2B /* LessonCell.m in Sources */ = {isa = PBXBuildFile; fileRef = F0CE9476163F2F87004F7E2B /* LessonCell.m */; };
		F0CE9486163F2F87004F7E2B /* LessonController.m in Sources */ = {isa = PBXBuildFile; fileRef = F0CE9478163F2F87004F7E2B /* LessonController.m */; };
		F0CE9487163F2F87004F7E2B /* LessonRandomHiragana.m in Sources */ = {isa = PBXBuildFile; fileRef = F0CE947A163F2F87004F7E2B /* LessonRandomHiragana.m */; };
		F0CE9488163F2F87004F7E2B /* MainController.m in Sources */ = {isa = PBXBuildFile; fileRef = F0CE947C163F2F87004F7E2B /* MainController.m */; };
		F0CE9489163F2F87004F7E2B /* ParametersHiraganaViewController.m in Sources */ = {isa = PBXBuildFile; fileRef = F0CE947E163F2F87004F7E2B /* ParametersHiraganaViewController.m */; };
		F0CE9492163F2F95004F7E2B /* Default-568h@2x.png in Resources */ = {isa = PBXBuildFile; fileRef = F0CE948A163F2F95004F7E2B /* Default-568h@2x.png */; };
		F0CE9493163F2F95004F7E2B /* Default.png in Resources */ = {isa = PBXBuildFile; fileRef = F0CE948B163F2F95004F7E2B /* Default.png */; };
		F0CE9494163F2F95004F7E2B /* Default@2x.png in Resources */ = {isa = PBXBuildFile; fileRef = F0CE948C163F2F95004F7E2B /* Default@2x.png */; };
		F0CE9495163F2F95004F7E2B /* JapanCell.xib in Resources */ = {isa = PBXBuildFile; fileRef = F0CE948D163F2F95004F7E2B /* JapanCell.xib */; };
		F0CE9496163F2F95004F7E2B /* LessonRandomHiragana.xib in Resources */ = {isa = PBXBuildFile; fileRef = F0CE948E163F2F95004F7E2B /* LessonRandomHiragana.xib */; };
		F0CE9497163F2F95004F7E2B /* Model.xcdatamodeld in Sources */ = {isa = PBXBuildFile; fileRef = F0CE948F163F2F95004F7E2B /* Model.xcdatamodeld */; };
		F0CE9498163F2F95004F7E2B /* ParametersHiraganaViewController.xib in Resources */ = {isa = PBXBuildFile; fileRef = F0CE9491163F2F95004F7E2B /* ParametersHiraganaViewController.xib */; };
/* End PBXBuildFile section */

/* Begin PBXFileReference section */
		F060E96F163C0A4B009C01E3 /* J'apprend le japonais.app */ = {isa = PBXFileReference; explicitFileType = wrapper.application; includeInIndex = 0; path = "J'apprend le japonais.app"; sourceTree = BUILT_PRODUCTS_DIR; };
		F060E973163C0A4B009C01E3 /* UIKit.framework */ = {isa = PBXFileReference; lastKnownFileType = wrapper.framework; name = UIKit.framework; path = System/Library/Frameworks/UIKit.framework; sourceTree = SDKROOT; };
		F060E975163C0A4B009C01E3 /* Foundation.framework */ = {isa = PBXFileReference; lastKnownFileType = wrapper.framework; name = Foundation.framework; path = System/Library/Frameworks/Foundation.framework; sourceTree = SDKROOT; };
		F060E977163C0A4B009C01E3 /* CoreGraphics.framework */ = {isa = PBXFileReference; lastKnownFileType = wrapper.framework; name = CoreGraphics.framework; path = System/Library/Frameworks/CoreGraphics.framework; sourceTree = SDKROOT; };
		F060E97B163C0A4B009C01E3 /* J'apprend le japonais-Info.plist */ = {isa = PBXFileReference; lastKnownFileType = text.plist.xml; path = "J'apprend le japonais-Info.plist"; sourceTree = "<group>"; };
		F060E97D163C0A4B009C01E3 /* en */ = {isa = PBXFileReference; lastKnownFileType = text.plist.strings; name = en; path = en.lproj/InfoPlist.strings; sourceTree = "<group>"; };
		F060E97F163C0A4B009C01E3 /* main.m */ = {isa = PBXFileReference; lastKnownFileType = sourcecode.c.objc; path = main.m; sourceTree = "<group>"; };
		F060E981163C0A4B009C01E3 /* J'apprend le japonais-Prefix.pch */ = {isa = PBXFileReference; lastKnownFileType = sourcecode.c.h; path = "J'apprend le japonais-Prefix.pch"; sourceTree = "<group>"; };
		F060E98C163C0A4B009C01E3 /* en */ = {isa = PBXFileReference; lastKnownFileType = file.storyboard; name = en; path = en.lproj/MainStoryboard_iPhone.storyboard; sourceTree = "<group>"; };
		F060E98F163C0A4B009C01E3 /* en */ = {isa = PBXFileReference; lastKnownFileType = file.storyboard; name = en; path = en.lproj/MainStoryboard_iPad.storyboard; sourceTree = "<group>"; };
		F060E9B3163D5BB3009C01E3 /* CoreData.framework */ = {isa = PBXFileReference; lastKnownFileType = wrapper.framework; name = CoreData.framework; path = System/Library/Frameworks/CoreData.framework; sourceTree = SDKROOT; };
		F060E9B6163D5C03009C01E3 /* Model.xcdatamodel */ = {isa = PBXFileReference; lastKnownFileType = wrapper.xcdatamodel; path = Model.xcdatamodel; sourceTree = "<group>"; };
		F0CE9469163F2F87004F7E2B /* AppDelegate.h */ = {isa = PBXFileReference; fileEncoding = 4; lastKnownFileType = sourcecode.c.h; name = AppDelegate.h; path = classes/AppDelegate.h; sourceTree = "<group>"; };
		F0CE946A163F2F87004F7E2B /* AppDelegate.m */ = {isa = PBXFileReference; fileEncoding = 4; lastKnownFileType = sourcecode.c.objc; name = AppDelegate.m; path = classes/AppDelegate.m; sourceTree = "<group>"; };
		F0CE946B163F2F87004F7E2B /* Computer.h */ = {isa = PBXFileReference; fileEncoding = 4; lastKnownFileType = sourcecode.c.h; name = Computer.h; path = classes/Computer.h; sourceTree = "<group>"; };
		F0CE946C163F2F87004F7E2B /* Computer.m */ = {isa = PBXFileReference; fileEncoding = 4; lastKnownFileType = sourcecode.c.objc; name = Computer.m; path = classes/Computer.m; sourceTree = "<group>"; };
		F0CE946D163F2F87004F7E2B /* Hiragana.h */ = {isa = PBXFileReference; fileEncoding = 4; lastKnownFileType = sourcecode.c.h; name = Hiragana.h; path = classes/Hiragana.h; sourceTree = "<group>"; };
		F0CE946E163F2F87004F7E2B /* Hiragana.m */ = {isa = PBXFileReference; fileEncoding = 4; lastKnownFileType = sourcecode.c.objc; name = Hiragana.m; path = classes/Hiragana.m; sourceTree = "<group>"; };
		F0CE946F163F2F87004F7E2B /* HiraganaFlipView.h */ = {isa = PBXFileReference; fileEncoding = 4; lastKnownFileType = sourcecode.c.h; name = HiraganaFlipView.h; path = classes/HiraganaFlipView.h; sourceTree = "<group>"; };
		F0CE9470163F2F87004F7E2B /* HiraganaFlipView.m */ = {isa = PBXFileReference; fileEncoding = 4; lastKnownFileType = sourcecode.c.objc; name = HiraganaFlipView.m; path = classes/HiraganaFlipView.m; sourceTree = "<group>"; };
		F0CE9471163F2F87004F7E2B /* JapanCell.h */ = {isa = PBXFileReference; fileEncoding = 4; lastKnownFileType = sourcecode.c.h; name = JapanCell.h; path = classes/JapanCell.h; sourceTree = "<group>"; };
		F0CE9472163F2F87004F7E2B /* JapanCell.m */ = {isa = PBXFileReference; fileEncoding = 4; lastKnownFileType = sourcecode.c.objc; name = JapanCell.m; path = classes/JapanCell.m; sourceTree = "<group>"; };
		F0CE9473163F2F87004F7E2B /* Lesson.h */ = {isa = PBXFileReference; fileEncoding = 4; lastKnownFileType = sourcecode.c.h; name = Lesson.h; path = classes/Lesson.h; sourceTree = "<group>"; };
		F0CE9474163F2F87004F7E2B /* Lesson.m */ = {isa = PBXFileReference; fileEncoding = 4; lastKnownFileType = sourcecode.c.objc; name = Lesson.m; path = classes/Lesson.m; sourceTree = "<group>"; };
		F0CE9475163F2F87004F7E2B /* LessonCell.h */ = {isa = PBXFileReference; fileEncoding = 4; lastKnownFileType = sourcecode.c.h; name = LessonCell.h; path = classes/LessonCell.h; sourceTree = "<group>"; };
		F0CE9476163F2F87004F7E2B /* LessonCell.m */ = {isa = PBXFileReference; fileEncoding = 4; lastKnownFileType = sourcecode.c.objc; name = LessonCell.m; path = classes/LessonCell.m; sourceTree = "<group>"; };
		F0CE9477163F2F87004F7E2B /* LessonController.h */ = {isa = PBXFileReference; fileEncoding = 4; lastKnownFileType = sourcecode.c.h; name = LessonController.h; path = classes/LessonController.h; sourceTree = "<group>"; };
		F0CE9478163F2F87004F7E2B /* LessonController.m */ = {isa = PBXFileReference; fileEncoding = 4; lastKnownFileType = sourcecode.c.objc; name = LessonController.m; path = classes/LessonController.m; sourceTree = "<group>"; };
		F0CE9479163F2F87004F7E2B /* LessonRandomHiragana.h */ = {isa = PBXFileReference; fileEncoding = 4; lastKnownFileType = sourcecode.c.h; name = LessonRandomHiragana.h; path = classes/LessonRandomHiragana.h; sourceTree = "<group>"; };
		F0CE947A163F2F87004F7E2B /* LessonRandomHiragana.m */ = {isa = PBXFileReference; fileEncoding = 4; lastKnownFileType = sourcecode.c.objc; name = LessonRandomHiragana.m; path = classes/LessonRandomHiragana.m; sourceTree = "<group>"; };
		F0CE947B163F2F87004F7E2B /* MainController.h */ = {isa = PBXFileReference; fileEncoding = 4; lastKnownFileType = sourcecode.c.h; name = MainController.h; path = classes/MainController.h; sourceTree = "<group>"; };
		F0CE947C163F2F87004F7E2B /* MainController.m */ = {isa = PBXFileReference; fileEncoding = 4; lastKnownFileType = sourcecode.c.objc; name = MainController.m; path = classes/MainController.m; sourceTree = "<group>"; };
		F0CE947D163F2F87004F7E2B /* ParametersHiraganaViewController.h */ = {isa = PBXFileReference; fileEncoding = 4; lastKnownFileType = sourcecode.c.h; name = ParametersHiraganaViewController.h; path = classes/ParametersHiraganaViewController.h; sourceTree = "<group>"; };
		F0CE947E163F2F87004F7E2B /* ParametersHiraganaViewController.m */ = {isa = PBXFileReference; fileEncoding = 4; lastKnownFileType = sourcecode.c.objc; name = ParametersHiraganaViewController.m; path = classes/ParametersHiraganaViewController.m; sourceTree = "<group>"; };
		F0CE948A163F2F95004F7E2B /* Default-568h@2x.png */ = {isa = PBXFileReference; lastKnownFileType = image.png; name = "Default-568h@2x.png"; path = "ressources/Default-568h@2x.png"; sourceTree = "<group>"; };
		F0CE948B163F2F95004F7E2B /* Default.png */ = {isa = PBXFileReference; lastKnownFileType = image.png; name = Default.png; path = ressources/Default.png; sourceTree = "<group>"; };
		F0CE948C163F2F95004F7E2B /* Default@2x.png */ = {isa = PBXFileReference; lastKnownFileType = image.png; name = "Default@2x.png"; path = "ressources/Default@2x.png"; sourceTree = "<group>"; };
		F0CE948D163F2F95004F7E2B /* JapanCell.xib */ = {isa = PBXFileReference; fileEncoding = 4; lastKnownFileType = file.xib; name = JapanCell.xib; path = ressources/JapanCell.xib; sourceTree = "<group>"; };
		F0CE948E163F2F95004F7E2B /* LessonRandomHiragana.xib */ = {isa = PBXFileReference; fileEncoding = 4; lastKnownFileType = file.xib; name = LessonRandomHiragana.xib; path = ressources/LessonRandomHiragana.xib; sourceTree = "<group>"; };
		F0CE9490163F2F95004F7E2B /* Model.xcdatamodel */ = {isa = PBXFileReference; lastKnownFileType = wrapper.xcdatamodel; path = Model.xcdatamodel; sourceTree = "<group>"; };
		F0CE9491163F2F95004F7E2B /* ParametersHiraganaViewController.xib */ = {isa = PBXFileReference; fileEncoding = 4; lastKnownFileType = file.xib; name = ParametersHiraganaViewController.xib; path = ressources/ParametersHiraganaViewController.xib; sourceTree = "<group>"; };
/* End PBXFileReference section */

/* Begin PBXFrameworksBuildPhase section */
		F060E96C163C0A4B009C01E3 /* Frameworks */ = {
			isa = PBXFrameworksBuildPhase;
			buildActionMask = 2147483647;
			files = (
				F060E9B4163D5BB3009C01E3 /* CoreData.framework in Frameworks */,
				F060E974163C0A4B009C01E3 /* UIKit.framework in Frameworks */,
				F060E976163C0A4B009C01E3 /* Foundation.framework in Frameworks */,
				F060E978163C0A4B009C01E3 /* CoreGraphics.framework in Frameworks */,
			);
			runOnlyForDeploymentPostprocessing = 0;
		};
/* End PBXFrameworksBuildPhase section */

/* Begin PBXGroup section */
		F060E964163C0A4B009C01E3 = {
			isa = PBXGroup;
			children = (
				F060E979163C0A4B009C01E3 /* J'apprend le japonais */,
				F060E972163C0A4B009C01E3 /* Frameworks */,
				F060E970163C0A4B009C01E3 /* Products */,
			);
			sourceTree = "<group>";
		};
		F060E970163C0A4B009C01E3 /* Products */ = {
			isa = PBXGroup;
			children = (
				F060E96F163C0A4B009C01E3 /* J'apprend le japonais.app */,
			);
			name = Products;
			sourceTree = "<group>";
		};
		F060E972163C0A4B009C01E3 /* Frameworks */ = {
			isa = PBXGroup;
			children = (
				F060E9B3163D5BB3009C01E3 /* CoreData.framework */,
				F060E973163C0A4B009C01E3 /* UIKit.framework */,
				F060E975163C0A4B009C01E3 /* Foundation.framework */,
				F060E977163C0A4B009C01E3 /* CoreGraphics.framework */,
			);
			name = Frameworks;
			sourceTree = "<group>";
		};
		F060E979163C0A4B009C01E3 /* J'apprend le japonais */ = {
			isa = PBXGroup;
			children = (
				F0CE9468163F2F73004F7E2B /* classes */,
				F060E999163C0C3C009C01E3 /* ressources */,
				F060E98B163C0A4B009C01E3 /* MainStoryboard_iPhone.storyboard */,
				F060E98E163C0A4B009C01E3 /* MainStoryboard_iPad.storyboard */,
				F060E97A163C0A4B009C01E3 /* Supporting Files */,
				F060E9B5163D5C03009C01E3 /* Model.xcdatamodeld */,
			);
			path = "J'apprend le japonais";
			sourceTree = "<group>";
		};
		F060E97A163C0A4B009C01E3 /* Supporting Files */ = {
			isa = PBXGroup;
			children = (
				F060E97B163C0A4B009C01E3 /* J'apprend le japonais-Info.plist */,
				F060E97C163C0A4B009C01E3 /* InfoPlist.strings */,
				F060E97F163C0A4B009C01E3 /* main.m */,
				F060E981163C0A4B009C01E3 /* J'apprend le japonais-Prefix.pch */,
			);
			name = "Supporting Files";
			sourceTree = "<group>";
		};
		F060E999163C0C3C009C01E3 /* ressources */ = {
			isa = PBXGroup;
			children = (
				F0CE948A163F2F95004F7E2B /* Default-568h@2x.png */,
				F0CE948B163F2F95004F7E2B /* Default.png */,
				F0CE948C163F2F95004F7E2B /* Default@2x.png */,
				F0CE948D163F2F95004F7E2B /* JapanCell.xib */,
				F0CE948E163F2F95004F7E2B /* LessonRandomHiragana.xib */,
				F0CE948F163F2F95004F7E2B /* Model.xcdatamodeld */,
				F0CE9491163F2F95004F7E2B /* ParametersHiraganaViewController.xib */,
			);
			name = ressources;
			sourceTree = "<group>";
		};
		F0CE9468163F2F73004F7E2B /* classes */ = {
			isa = PBXGroup;
			children = (
				F0CE949B163F2FD2004F7E2B /* controllers */,
				F0CE949C163F2FE6004F7E2B /* views */,
				F0CE949A163F2FBA004F7E2B /* model */,
				F0CE9499163F2FAC004F7E2B /* main */,
			);
			name = classes;
			sourceTree = "<group>";
		};
		F0CE9499163F2FAC004F7E2B /* main */ = {
			isa = PBXGroup;
			children = (
				F0CE9469163F2F87004F7E2B /* AppDelegate.h */,
				F0CE946A163F2F87004F7E2B /* AppDelegate.m */,
			);
			name = main;
			sourceTree = "<group>";
		};
		F0CE949A163F2FBA004F7E2B /* model */ = {
			isa = PBXGroup;
			children = (
				F0CE946B163F2F87004F7E2B /* Computer.h */,
				F0CE946C163F2F87004F7E2B /* Computer.m */,
				F0CE946D163F2F87004F7E2B /* Hiragana.h */,
				F0CE946E163F2F87004F7E2B /* Hiragana.m */,
				F0CE9473163F2F87004F7E2B /* Lesson.h */,
				F0CE9474163F2F87004F7E2B /* Lesson.m */,
			);
			name = model;
			sourceTree = "<group>";
		};
		F0CE949B163F2FD2004F7E2B /* controllers */ = {
			isa = PBXGroup;
			children = (
				F0CE9479163F2F87004F7E2B /* LessonRandomHiragana.h */,
				F0CE947A163F2F87004F7E2B /* LessonRandomHiragana.m */,
				F0CE947B163F2F87004F7E2B /* MainController.h */,
				F0CE947C163F2F87004F7E2B /* MainController.m */,
				F0CE947D163F2F87004F7E2B /* ParametersHiraganaViewController.h */,
				F0CE947E163F2F87004F7E2B /* ParametersHiraganaViewController.m */,
				F0CE9477163F2F87004F7E2B /* LessonController.h */,
				F0CE9478163F2F87004F7E2B /* LessonController.m */,
			);
			name = controllers;
			sourceTree = "<group>";
		};
		F0CE949C163F2FE6004F7E2B /* views */ = {
			isa = PBXGroup;
			children = (
				F0CE946F163F2F87004F7E2B /* HiraganaFlipView.h */,
				F0CE9470163F2F87004F7E2B /* HiraganaFlipView.m */,
				F0CE9471163F2F87004F7E2B /* JapanCell.h */,
				F0CE9472163F2F87004F7E2B /* JapanCell.m */,
				F0CE9475163F2F87004F7E2B /* LessonCell.h */,
				F0CE9476163F2F87004F7E2B /* LessonCell.m */,
			);
			name = views;
			sourceTree = "<group>";
		};
/* End PBXGroup section */

/* Begin PBXNativeTarget section */
		F060E96E163C0A4B009C01E3 /* J'apprend le japonais */ = {
			isa = PBXNativeTarget;
			buildConfigurationList = F060E996163C0A4B009C01E3 /* Build configuration list for PBXNativeTarget "J'apprend le japonais" */;
			buildPhases = (
				F060E96B163C0A4B009C01E3 /* Sources */,
				F060E96C163C0A4B009C01E3 /* Frameworks */,
				F060E96D163C0A4B009C01E3 /* Resources */,
			);
			buildRules = (
			);
			dependencies = (
			);
			name = "J'apprend le japonais";
			productName = "J'apprend le japonais";
			productReference = F060E96F163C0A4B009C01E3 /* J'apprend le japonais.app */;
			productType = "com.apple.product-type.application";
		};
/* End PBXNativeTarget section */

/* Begin PBXProject section */
		F060E966163C0A4B009C01E3 /* Project object */ = {
			isa = PBXProject;
			attributes = {
				LastUpgradeCheck = 0450;
				ORGANIZATIONNAME = "Guillaume chave";
			};
			buildConfigurationList = F060E969163C0A4B009C01E3 /* Build configuration list for PBXProject "J'apprend le japonais" */;
			compatibilityVersion = "Xcode 3.2";
			developmentRegion = English;
			hasScannedForEncodings = 0;
			knownRegions = (
				en,
			);
			mainGroup = F060E964163C0A4B009C01E3;
			productRefGroup = F060E970163C0A4B009C01E3 /* Products */;
			projectDirPath = "";
			projectRoot = "";
			targets = (
				F060E96E163C0A4B009C01E3 /* J'apprend le japonais */,
			);
		};
/* End PBXProject section */

/* Begin PBXResourcesBuildPhase section */
		F060E96D163C0A4B009C01E3 /* Resources */ = {
			isa = PBXResourcesBuildPhase;
			buildActionMask = 2147483647;
			files = (
				F060E97E163C0A4B009C01E3 /* InfoPlist.strings in Resources */,
				F060E98D163C0A4B009C01E3 /* MainStoryboard_iPhone.storyboard in Resources */,
				F060E990163C0A4B009C01E3 /* MainStoryboard_iPad.storyboard in Resources */,
				F0CE9492163F2F95004F7E2B /* Default-568h@2x.png in Resources */,
				F0CE9493163F2F95004F7E2B /* Default.png in Resources */,
				F0CE9494163F2F95004F7E2B /* Default@2x.png in Resources */,
				F0CE9495163F2F95004F7E2B /* JapanCell.xib in Resources */,
				F0CE9496163F2F95004F7E2B /* LessonRandomHiragana.xib in Resources */,
				F0CE9498163F2F95004F7E2B /* ParametersHiraganaViewController.xib in Resources */,
			);
			runOnlyForDeploymentPostprocessing = 0;
		};
/* End PBXResourcesBuildPhase section */

/* Begin PBXSourcesBuildPhase section */
		F060E96B163C0A4B009C01E3 /* Sources */ = {
			isa = PBXSourcesBuildPhase;
			buildActionMask = 2147483647;
			files = (
				F060E980163C0A4B009C01E3 /* main.m in Sources */,
				F060E9B7163D5C03009C01E3 /* Model.xcdatamodeld in Sources */,
				F0CE947F163F2F87004F7E2B /* AppDelegate.m in Sources */,
				F0CE9480163F2F87004F7E2B /* Computer.m in Sources */,
				F0CE9481163F2F87004F7E2B /* Hiragana.m in Sources */,
				F0CE9482163F2F87004F7E2B /* HiraganaFlipView.m in Sources */,
				F0CE9483163F2F87004F7E2B /* JapanCell.m in Sources */,
				F0CE9484163F2F87004F7E2B /* Lesson.m in Sources */,
				F0CE9485163F2F87004F7E2B /* LessonCell.m in Sources */,
				F0CE9486163F2F87004F7E2B /* LessonController.m in Sources */,
				F0CE9487163F2F87004F7E2B /* LessonRandomHiragana.m in Sources */,
				F0CE9488163F2F87004F7E2B /* MainController.m in Sources */,
				F0CE9489163F2F87004F7E2B /* ParametersHiraganaViewController.m in Sources */,
				F0CE9497163F2F95004F7E2B /* Model.xcdatamodeld in Sources */,
			);
			runOnlyForDeploymentPostprocessing = 0;
		};
/* End PBXSourcesBuildPhase section */

/* Begin PBXVariantGroup section */
		F060E97C163C0A4B009C01E3 /* InfoPlist.strings */ = {
			isa = PBXVariantGroup;
			children = (
				F060E97D163C0A4B009C01E3 /* en */,
			);
			name = InfoPlist.strings;
			sourceTree = "<group>";
		};
		F060E98B163C0A4B009C01E3 /* MainStoryboard_iPhone.storyboard */ = {
			isa = PBXVariantGroup;
			children = (
				F060E98C163C0A4B009C01E3 /* en */,
			);
			name = MainStoryboard_iPhone.storyboard;
			sourceTree = "<group>";
		};
		F060E98E163C0A4B009C01E3 /* MainStoryboard_iPad.storyboard */ = {
			isa = PBXVariantGroup;
			children = (
				F060E98F163C0A4B009C01E3 /* en */,
			);
			name = MainStoryboard_iPad.storyboard;
			sourceTree = "<group>";
		};
/* End PBXVariantGroup section */

/* Begin XCBuildConfiguration section */
		F060E994163C0A4B009C01E3 /* Debug */ = {
			isa = XCBuildConfiguration;
			buildSettings = {
				ALWAYS_SEARCH_USER_PATHS = NO;
				CLANG_CXX_LANGUAGE_STANDARD = "gnu++0x";
				CLANG_CXX_LIBRARY = "libc++";
				CLANG_ENABLE_OBJC_ARC = YES;
				CLANG_WARN_EMPTY_BODY = YES;
				CLANG_WARN__DUPLICATE_METHOD_MATCH = YES;
				"CODE_SIGN_IDENTITY[sdk=iphoneos*]" = "iPhone Developer";
				COPY_PHASE_STRIP = NO;
				GCC_C_LANGUAGE_STANDARD = gnu99;
				GCC_DYNAMIC_NO_PIC = NO;
				GCC_OPTIMIZATION_LEVEL = 0;
				GCC_PREPROCESSOR_DEFINITIONS = (
					"DEBUG=1",
					"$(inherited)",
				);
				GCC_SYMBOLS_PRIVATE_EXTERN = NO;
				GCC_WARN_ABOUT_RETURN_TYPE = YES;
				GCC_WARN_UNINITIALIZED_AUTOS = YES;
				GCC_WARN_UNUSED_VARIABLE = YES;
				IPHONEOS_DEPLOYMENT_TARGET = 6.0;
				ONLY_ACTIVE_ARCH = YES;
				SDKROOT = iphoneos;
				TARGETED_DEVICE_FAMILY = "1,2";
			};
			name = Debug;
		};
		F060E995163C0A4B009C01E3 /* Release */ = {
			isa = XCBuildConfiguration;
			buildSettings = {
				ALWAYS_SEARCH_USER_PATHS = NO;
				CLANG_CXX_LANGUAGE_STANDARD = "gnu++0x";
				CLANG_CXX_LIBRARY = "libc++";
				CLANG_ENABLE_OBJC_ARC = YES;
				CLANG_WARN_EMPTY_BODY = YES;
				CLANG_WARN__DUPLICATE_METHOD_MATCH = YES;
				"CODE_SIGN_IDENTITY[sdk=iphoneos*]" = "iPhone Developer";
				COPY_PHASE_STRIP = YES;
				GCC_C_LANGUAGE_STANDARD = gnu99;
				GCC_WARN_ABOUT_RETURN_TYPE = YES;
				GCC_WARN_UNINITIALIZED_AUTOS = YES;
				GCC_WARN_UNUSED_VARIABLE = YES;
				IPHONEOS_DEPLOYMENT_TARGET = 6.0;
				OTHER_CFLAGS = "-DNS_BLOCK_ASSERTIONS=1";
				SDKROOT = iphoneos;
				TARGETED_DEVICE_FAMILY = "1,2";
				VALIDATE_PRODUCT = YES;
			};
			name = Release;
		};
		F060E997163C0A4B009C01E3 /* Debug */ = {
			isa = XCBuildConfiguration;
			buildSettings = {
				GCC_PRECOMPILE_PREFIX_HEADER = YES;
				GCC_PREFIX_HEADER = "J'apprend le japonais/J'apprend le japonais-Prefix.pch";
				INFOPLIST_FILE = "J'apprend le japonais/J'apprend le japonais-Info.plist";
				PRODUCT_NAME = "$(TARGET_NAME)";
				WRAPPER_EXTENSION = app;
			};
			name = Debug;
		};
		F060E998163C0A4B009C01E3 /* Release */ = {
			isa = XCBuildConfiguration;
			buildSettings = {
				GCC_PRECOMPILE_PREFIX_HEADER = YES;
				GCC_PREFIX_HEADER = "J'apprend le japonais/J'apprend le japonais-Prefix.pch";
				INFOPLIST_FILE = "J'apprend le japonais/J'apprend le japonais-Info.plist";
				PRODUCT_NAME = "$(TARGET_NAME)";
				WRAPPER_EXTENSION = app;
			};
			name = Release;
		};
/* End XCBuildConfiguration section */

/* Begin XCConfigurationList section */
		F060E969163C0A4B009C01E3 /* Build configuration list for PBXProject "J'apprend le japonais" */ = {
			isa = XCConfigurationList;
			buildConfigurations = (
				F060E994163C0A4B009C01E3 /* Debug */,
				F060E995163C0A4B009C01E3 /* Release */,
			);
			defaultConfigurationIsVisible = 0;
			defaultConfigurationName = Release;
		};
		F060E996163C0A4B009C01E3 /* Build configuration list for PBXNativeTarget "J'apprend le japonais" */ = {
			isa = XCConfigurationList;
			buildConfigurations = (
				F060E997163C0A4B009C01E3 /* Debug */,
				F060E998163C0A4B009C01E3 /* Release */,
			);
			defaultConfigurationIsVisible = 0;
			defaultConfigurationName = Release;
		};
/* End XCConfigurationList section */

/* Begin XCVersionGroup section */
		F060E9B5163D5C03009C01E3 /* Model.xcdatamodeld */ = {
			isa = XCVersionGroup;
			children = (
				F060E9B6163D5C03009C01E3 /* Model.xcdatamodel */,
			);
			currentVersion = F060E9B6163D5C03009C01E3 /* Model.xcdatamodel */;
			path = Model.xcdatamodeld;
			sourceTree = "<group>";
			versionGroupType = wrapper.xcdatamodel;
		};
		F0CE948F163F2F95004F7E2B /* Model.xcdatamodeld */ = {
			isa = XCVersionGroup;
			children = (
				F0CE9490163F2F95004F7E2B /* Model.xcdatamodel */,
			);
			currentVersion = F0CE9490163F2F95004F7E2B /* Model.xcdatamodel */;
			name = Model.xcdatamodeld;
			path = ressources/Model.xcdatamodeld;
			sourceTree = "<group>";
			versionGroupType = wrapper.xcdatamodel;
		};
/* End XCVersionGroup section */
	};
	rootObject = F060E966163C0A4B009C01E3 /* Project object */;
}
